// !$*UTF8*$!
{
	archiveVersion = 1;
	classes = {
	};
	objectVersion = 56;
	objects = {

/* Begin PBXBuildFile section */
		FEED0000000000000000006F /* ShowUpWelcomeApp.swift in Sources */ = {isa = PBXBuildFile; fileRef = FEED00000000000000000017 /* ShowUpWelcomeApp.swift */; };
		FEED00000000000000000070 /* APIAccess.swift in Sources */ = {isa = PBXBuildFile; fileRef = FEED00000000000000000018 /* APIAccess.swift */; };
		FEED00000000000000000071 /* AVMediaCapture.swift in Sources */ = {isa = PBXBuildFile; fileRef = FEED00000000000000000019 /* AVMediaCapture.swift */; };
		FEED00000000000000000072 /* AVMediaPlayer.swift in Sources */ = {isa = PBXBuildFile; fileRef = FEED0000000000000000001A /* AVMediaPlayer.swift */; };
		FEED00000000000000000073 /* AuthMethodList.swift in Sources */ = {isa = PBXBuildFile; fileRef = FEED0000000000000000001B /* AuthMethodList.swift */; };
		FEED00000000000000000074 /* BasicsChrome.swift in Sources */ = {isa = PBXBuildFile; fileRef = FEED0000000000000000001C /* BasicsChrome.swift */; };
		FEED00000000000000000075 /* BasicsModel.swift in Sources */ = {isa = PBXBuildFile; fileRef = FEED0000000000000000001D /* BasicsModel.swift */; };
		FEED00000000000000000076 /* BasicsRepository.swift in Sources */ = {isa = PBXBuildFile; fileRef = FEED0000000000000000001E /* BasicsRepository.swift */; };
		FEED00000000000000000077 /* BasicsStep.swift in Sources */ = {isa = PBXBuildFile; fileRef = FEED0000000000000000001F /* BasicsStep.swift */; };
		FEED00000000000000000078 /* CodeSlotRow.swift in Sources */ = {isa = PBXBuildFile; fileRef = FEED00000000000000000020 /* CodeSlotRow.swift */; };
		FEED00000000000000000079 /* ComponentSizes.swift in Sources */ = {isa = PBXBuildFile; fileRef = FEED00000000000000000021 /* ComponentSizes.swift */; };
		FEED0000000000000000007A /* ConnectAccountView.swift in Sources */ = {isa = PBXBuildFile; fileRef = FEED00000000000000000022 /* ConnectAccountView.swift */; };
		FEED0000000000000000007B /* ControlPip.swift in Sources */ = {isa = PBXBuildFile; fileRef = FEED00000000000000000023 /* ControlPip.swift */; };
		FEED0000000000000000007C /* CountryCodes.swift in Sources */ = {isa = PBXBuildFile; fileRef = FEED00000000000000000024 /* CountryCodes.swift */; };
		FEED0000000000000000007D /* CountryPicker.swift in Sources */ = {isa = PBXBuildFile; fileRef = FEED00000000000000000025 /* CountryPicker.swift */; };
		FEED0000000000000000007E /* Crashes.swift in Sources */ = {isa = PBXBuildFile; fileRef = FEED00000000000000000026 /* Crashes.swift */; };
		FEED0000000000000000007F /* DateOfBirth.swift in Sources */ = {isa = PBXBuildFile; fileRef = FEED00000000000000000027 /* DateOfBirth.swift */; };
		FEED00000000000000000080 /* DesignSystem.swift in Sources */ = {isa = PBXBuildFile; fileRef = FEED00000000000000000028 /* DesignSystem.swift */; };
		FEED00000000000000000081 /* DevOfflineAuth.swift in Sources */ = {isa = PBXBuildFile; fileRef = FEED00000000000000000029 /* DevOfflineAuth.swift */; };
		FEED00000000000000000082 /* EmailVerification.swift in Sources */ = {isa = PBXBuildFile; fileRef = FEED0000000000000000002A /* EmailVerification.swift */; };
		FEED00000000000000000083 /* FloatingField.swift in Sources */ = {isa = PBXBuildFile; fileRef = FEED0000000000000000002B /* FloatingField.swift */; };
		FEED00000000000000000084 /* FlowScreen.swift in Sources */ = {isa = PBXBuildFile; fileRef = FEED0000000000000000002C /* FlowScreen.swift */; };
		FEED00000000000000000085 /* HomePlaceholderView.swift in Sources */ = {isa = PBXBuildFile; fileRef = FEED0000000000000000002D /* HomePlaceholderView.swift */; };
		FEED00000000000000000086 /* IconSizes.swift in Sources */ = {isa = PBXBuildFile; fileRef = FEED0000000000000000002E /* IconSizes.swift */; };
		FEED00000000000000000087 /* InputField.swift in Sources */ = {isa = PBXBuildFile; fileRef = FEED0000000000000000002F /* InputField.swift */; };
		FEED00000000000000000088 /* MatchMeansMeetView.swift in Sources */ = {isa = PBXBuildFile; fileRef = FEED00000000000000000030 /* MatchMeansMeetView.swift */; };
		FEED00000000000000000089 /* MatchOnAvailabilityView.swift in Sources */ = {isa = PBXBuildFile; fileRef = FEED00000000000000000031 /* MatchOnAvailabilityView.swift */; };
		FEED0000000000000000008A /* MediaAccess.swift in Sources */ = {isa = PBXBuildFile; fileRef = FEED00000000000000000032 /* MediaAccess.swift */; };
		FEED0000000000000000008B /* MediaCapture.swift in Sources */ = {isa = PBXBuildFile; fileRef = FEED00000000000000000033 /* MediaCapture.swift */; };
		FEED0000000000000000008C /* MediaCaptureView.swift in Sources */ = {isa = PBXBuildFile; fileRef = FEED00000000000000000034 /* MediaCaptureView.swift */; };
		FEED0000000000000000008D /* MediaCards.swift in Sources */ = {isa = PBXBuildFile; fileRef = FEED00000000000000000035 /* MediaCards.swift */; };
		FEED0000000000000000008E /* MediaModel.swift in Sources */ = {isa = PBXBuildFile; fileRef = FEED00000000000000000036 /* MediaModel.swift */; };
		FEED0000000000000000008F /* MediaPlayback.swift in Sources */ = {isa = PBXBuildFile; fileRef = FEED00000000000000000037 /* MediaPlayback.swift */; };
		FEED00000000000000000090 /* MediaPromptSheet.swift in Sources */ = {isa = PBXBuildFile; fileRef = FEED00000000000000000038 /* MediaPromptSheet.swift */; };
		FEED00000000000000000091 /* MediaPrompts.swift in Sources */ = {isa = PBXBuildFile; fileRef = FEED00000000000000000039 /* MediaPrompts.swift */; };
		FEED00000000000000000092 /* MediaRepository.swift in Sources */ = {isa = PBXBuildFile; fileRef = FEED0000000000000000003A /* MediaRepository.swift */; };
		FEED00000000000000000093 /* MediaState.swift in Sources */ = {isa = PBXBuildFile; fileRef = FEED0000000000000000003B /* MediaState.swift */; };
		FEED00000000000000000094 /* MeetInRealLifeView.swift in Sources */ = {isa = PBXBuildFile; fileRef = FEED0000000000000000003C /* MeetInRealLifeView.swift */; };
		FEED00000000000000000095 /* Motion.swift in Sources */ = {isa = PBXBuildFile; fileRef = FEED0000000000000000003D /* Motion.swift */; };
		FEED00000000000000000096 /* NotificationAccess.swift in Sources */ = {isa = PBXBuildFile; fileRef = FEED0000000000000000003E /* NotificationAccess.swift */; };
		FEED00000000000000000097 /* NotificationsModel.swift in Sources */ = {isa = PBXBuildFile; fileRef = FEED0000000000000000003F /* NotificationsModel.swift */; };
		FEED00000000000000000098 /* OtpPolicy.swift in Sources */ = {isa = PBXBuildFile; fileRef = FEED00000000000000000040 /* OtpPolicy.swift */; };
		FEED00000000000000000099 /* PhoneAuthModel.swift in Sources */ = {isa = PBXBuildFile; fileRef = FEED00000000000000000041 /* PhoneAuthModel.swift */; };
		FEED0000000000000000009A /* PhoneAuthRepository.swift in Sources */ = {isa = PBXBuildFile; fileRef = FEED00000000000000000042 /* PhoneAuthRepository.swift */; };
		FEED0000000000000000009B /* PhoneNumberField.swift in Sources */ = {isa = PBXBuildFile; fileRef = FEED00000000000000000043 /* PhoneNumberField.swift */; };
		FEED0000000000000000009C /* PhoneVerificationView.swift in Sources */ = {isa = PBXBuildFile; fileRef = FEED00000000000000000044 /* PhoneVerificationView.swift */; };
		FEED0000000000000000009D /* PhotoAccess.swift in Sources */ = {isa = PBXBuildFile; fileRef = FEED00000000000000000045 /* PhotoAccess.swift */; };
		FEED0000000000000000009E /* PhotoGrid.swift in Sources */ = {isa = PBXBuildFile; fileRef = FEED00000000000000000046 /* PhotoGrid.swift */; };
		FEED0000000000000000009F /* PhotoPicker.swift in Sources */ = {isa = PBXBuildFile; fileRef = FEED00000000000000000047 /* PhotoPicker.swift */; };
		FEED000000000000000000A0 /* PhotoUpload.swift in Sources */ = {isa = PBXBuildFile; fileRef = FEED00000000000000000048 /* PhotoUpload.swift */; };
		FEED000000000000000000A1 /* PhotosModel.swift in Sources */ = {isa = PBXBuildFile; fileRef = FEED00000000000000000049 /* PhotosModel.swift */; };
		FEED000000000000000000A2 /* PhotosRepository.swift in Sources */ = {isa = PBXBuildFile; fileRef = FEED0000000000000000004A /* PhotosRepository.swift */; };
		FEED000000000000000000A3 /* PrimaryButton.swift in Sources */ = {isa = PBXBuildFile; fileRef = FEED0000000000000000004B /* PrimaryButton.swift */; };
		FEED000000000000000000A4 /* ProfileAnalytics.swift in Sources */ = {isa = PBXBuildFile; fileRef = FEED0000000000000000004C /* ProfileAnalytics.swift */; };
		FEED000000000000000000A5 /* ProfileBasics.swift in Sources */ = {isa = PBXBuildFile; fileRef = FEED0000000000000000004D /* ProfileBasics.swift */; };
		FEED000000000000000000A6 /* ProfileDob.swift in Sources */ = {isa = PBXBuildFile; fileRef = FEED0000000000000000004E /* ProfileDob.swift */; };
		FEED000000000000000000A7 /* ProfileEmbrace.swift in Sources */ = {isa = PBXBuildFile; fileRef = FEED0000000000000000004F /* ProfileEmbrace.swift */; };
		FEED000000000000000000A8 /* ProfileMedia.swift in Sources */ = {isa = PBXBuildFile; fileRef = FEED00000000000000000050 /* ProfileMedia.swift */; };
		FEED000000000000000000A9 /* ProfileNotifications.swift in Sources */ = {isa = PBXBuildFile; fileRef = FEED00000000000000000051 /* ProfileNotifications.swift */; };
		FEED000000000000000000AA /* ProfilePhotos.swift in Sources */ = {isa = PBXBuildFile; fileRef = FEED00000000000000000052 /* ProfilePhotos.swift */; };
		FEED000000000000000000AB /* ProfileProgressRepository.swift in Sources */ = {isa = PBXBuildFile; fileRef = FEED00000000000000000053 /* ProfileProgressRepository.swift */; };
		FEED000000000000000000AC /* ProfilePrompts.swift in Sources */ = {isa = PBXBuildFile; fileRef = FEED00000000000000000054 /* ProfilePrompts.swift */; };
		FEED000000000000000000AD /* ProfileResume.swift in Sources */ = {isa = PBXBuildFile; fileRef = FEED00000000000000000055 /* ProfileResume.swift */; };
		FEED000000000000000000AE /* ProfileVerifyEmail.swift in Sources */ = {isa = PBXBuildFile; fileRef = FEED00000000000000000056 /* ProfileVerifyEmail.swift */; };
		FEED000000000000000000AF /* ProhibitedFields.swift in Sources */ = {isa = PBXBuildFile; fileRef = FEED00000000000000000057 /* ProhibitedFields.swift */; };
		FEED000000000000000000B0 /* PromptTopics.swift in Sources */ = {isa = PBXBuildFile; fileRef = FEED00000000000000000058 /* PromptTopics.swift */; };
		FEED000000000000000000B1 /* PromptsModel.swift in Sources */ = {isa = PBXBuildFile; fileRef = FEED00000000000000000059 /* PromptsModel.swift */; };
		FEED000000000000000000B2 /* PromptsRepository.swift in Sources */ = {isa = PBXBuildFile; fileRef = FEED0000000000000000005A /* PromptsRepository.swift */; };
		FEED000000000000000000B3 /* PushRegistration.swift in Sources */ = {isa = PBXBuildFile; fileRef = FEED0000000000000000005B /* PushRegistration.swift */; };
		FEED000000000000000000B4 /* Radius.swift in Sources */ = {isa = PBXBuildFile; fileRef = FEED0000000000000000005C /* Radius.swift */; };
		FEED000000000000000000B5 /* RealYouChrome.swift in Sources */ = {isa = PBXBuildFile; fileRef = FEED0000000000000000005D /* RealYouChrome.swift */; };
		FEED000000000000000000B6 /* SheetScaffold.swift in Sources */ = {isa = PBXBuildFile; fileRef = FEED0000000000000000005E /* SheetScaffold.swift */; };
		FEED000000000000000000B7 /* ShowUpEveryTimeView.swift in Sources */ = {isa = PBXBuildFile; fileRef = FEED0000000000000000005F /* ShowUpEveryTimeView.swift */; };
		FEED000000000000000000B8 /* SignUpAnalytics.swift in Sources */ = {isa = PBXBuildFile; fileRef = FEED00000000000000000060 /* SignUpAnalytics.swift */; };
		FEED000000000000000000B9 /* SignUpFlow.swift in Sources */ = {isa = PBXBuildFile; fileRef = FEED00000000000000000061 /* SignUpFlow.swift */; };
		FEED000000000000000000BA /* SkipLink.swift in Sources */ = {isa = PBXBuildFile; fileRef = FEED00000000000000000062 /* SkipLink.swift */; };
		FEED000000000000000000BB /* Spacing.swift in Sources */ = {isa = PBXBuildFile; fileRef = FEED00000000000000000063 /* Spacing.swift */; };
		FEED000000000000000000BC /* StartupView.swift in Sources */ = {isa = PBXBuildFile; fileRef = FEED00000000000000000064 /* StartupView.swift */; };
		FEED000000000000000000BD /* StatusBadge.swift in Sources */ = {isa = PBXBuildFile; fileRef = FEED00000000000000000065 /* StatusBadge.swift */; };
		FEED000000000000000000BE /* StepProgress.swift in Sources */ = {isa = PBXBuildFile; fileRef = FEED00000000000000000066 /* StepProgress.swift */; };
		FEED000000000000000000BF /* TapTarget.swift in Sources */ = {isa = PBXBuildFile; fileRef = FEED00000000000000000067 /* TapTarget.swift */; };
		FEED000000000000000000C0 /* ThirtyMinutesView.swift in Sources */ = {isa = PBXBuildFile; fileRef = FEED00000000000000000068 /* ThirtyMinutesView.swift */; };
		FEED000000000000000000C1 /* TutorialAnalytics.swift in Sources */ = {isa = PBXBuildFile; fileRef = FEED00000000000000000069 /* TutorialAnalytics.swift */; };
		FEED000000000000000000C2 /* TutorialRouting.swift in Sources */ = {isa = PBXBuildFile; fileRef = FEED0000000000000000006A /* TutorialRouting.swift */; };
		FEED000000000000000000C3 /* TutorialShell.swift in Sources */ = {isa = PBXBuildFile; fileRef = FEED0000000000000000006B /* TutorialShell.swift */; };
		FEED000000000000000000C4 /* WelcomeBackView.swift in Sources */ = {isa = PBXBuildFile; fileRef = FEED0000000000000000006C /* WelcomeBackView.swift */; };
		FEED000000000000000000C5 /* WelcomeShell.swift in Sources */ = {isa = PBXBuildFile; fileRef = FEED0000000000000000006D /* WelcomeShell.swift */; };
		FEED000000000000000000C6 /* WelcomeView.swift in Sources */ = {isa = PBXBuildFile; fileRef = FEED0000000000000000006E /* WelcomeView.swift */; };
		FEED00000000000000000014 /* Assets.xcassets in Resources */ = {isa = PBXBuildFile; fileRef = FEED0000000000000000000A /* Assets.xcassets */; };
		FEED000000000000000000D0 /* Lora-Bold.ttf in Resources */ = {isa = PBXBuildFile; fileRef = FEED000000000000000000C7 /* Lora-Bold.ttf */; };
		FEED000000000000000000D1 /* Lora-BoldItalic.ttf in Resources */ = {isa = PBXBuildFile; fileRef = FEED000000000000000000C8 /* Lora-BoldItalic.ttf */; };
		FEED000000000000000000D2 /* Lora-Italic.ttf in Resources */ = {isa = PBXBuildFile; fileRef = FEED000000000000000000C9 /* Lora-Italic.ttf */; };
		FEED000000000000000000D3 /* Lora-MediumItalic.ttf in Resources */ = {isa = PBXBuildFile; fileRef = FEED000000000000000000CA /* Lora-MediumItalic.ttf */; };
		FEED000000000000000000D4 /* Lora-Regular.ttf in Resources */ = {isa = PBXBuildFile; fileRef = FEED000000000000000000CB /* Lora-Regular.ttf */; };
		FEED000000000000000000D5 /* Manrope-Bold.ttf in Resources */ = {isa = PBXBuildFile; fileRef = FEED000000000000000000CC /* Manrope-Bold.ttf */; };
		FEED000000000000000000D6 /* Manrope-ExtraBold.ttf in Resources */ = {isa = PBXBuildFile; fileRef = FEED000000000000000000CD /* Manrope-ExtraBold.ttf */; };
		FEED000000000000000000D7 /* Manrope-Medium.ttf in Resources */ = {isa = PBXBuildFile; fileRef = FEED000000000000000000CE /* Manrope-Medium.ttf */; };
		FEED000000000000000000D8 /* Manrope-SemiBold.ttf in Resources */ = {isa = PBXBuildFile; fileRef = FEED000000000000000000CF /* Manrope-SemiBold.ttf */; };
		FEED00000000000000000016 /* Flags in Resources */ = {isa = PBXBuildFile; fileRef = FEED00000000000000000015 /* Flags */; };
		FEED00000000000000000114 /* APIAccessTests.swift in Sources */ = {isa = PBXBuildFile; fileRef = FEED00000000000000000101 /* APIAccessTests.swift */; };
		FEED00000000000000000115 /* BasicsRepositoryTests.swift in Sources */ = {isa = PBXBuildFile; fileRef = FEED00000000000000000102 /* BasicsRepositoryTests.swift */; };
		FEED00000000000000000116 /* CrashesTests.swift in Sources */ = {isa = PBXBuildFile; fileRef = FEED00000000000000000103 /* CrashesTests.swift */; };
		FEED00000000000000000117 /* DateOfBirthTests.swift in Sources */ = {isa = PBXBuildFile; fileRef = FEED00000000000000000104 /* DateOfBirthTests.swift */; };
		FEED00000000000000000118 /* FitDevices.swift in Sources */ = {isa = PBXBuildFile; fileRef = FEED00000000000000000105 /* FitDevices.swift */; };
		FEED00000000000000000119 /* FlowScreenTests.swift in Sources */ = {isa = PBXBuildFile; fileRef = FEED00000000000000000106 /* FlowScreenTests.swift */; };
		FEED0000000000000000011A /* MediaPromptsTests.swift in Sources */ = {isa = PBXBuildFile; fileRef = FEED00000000000000000107 /* MediaPromptsTests.swift */; };
		FEED0000000000000000011B /* MediaRulesTests.swift in Sources */ = {isa = PBXBuildFile; fileRef = FEED00000000000000000108 /* MediaRulesTests.swift */; };
		FEED0000000000000000011C /* NotificationRulesTests.swift in Sources */ = {isa = PBXBuildFile; fileRef = FEED00000000000000000109 /* NotificationRulesTests.swift */; };
		FEED0000000000000000011D /* PhoneAuthRepositoryTests.swift in Sources */ = {isa = PBXBuildFile; fileRef = FEED0000000000000000010A /* PhoneAuthRepositoryTests.swift */; };
		FEED0000000000000000011E /* PhoneValidationTests.swift in Sources */ = {isa = PBXBuildFile; fileRef = FEED0000000000000000010B /* PhoneValidationTests.swift */; };
		FEED0000000000000000011F /* PhotoUploadTests.swift in Sources */ = {isa = PBXBuildFile; fileRef = FEED0000000000000000010C /* PhotoUploadTests.swift */; };
		FEED00000000000000000120 /* PhotosReorderTests.swift in Sources */ = {isa = PBXBuildFile; fileRef = FEED0000000000000000010D /* PhotosReorderTests.swift */; };
		FEED00000000000000000121 /* ProfileAnalyticsTests.swift in Sources */ = {isa = PBXBuildFile; fileRef = FEED0000000000000000010E /* ProfileAnalyticsTests.swift */; };
		FEED00000000000000000122 /* PromptsTrackingTests.swift in Sources */ = {isa = PBXBuildFile; fileRef = FEED0000000000000000010F /* PromptsTrackingTests.swift */; };
		FEED00000000000000000123 /* RealYouTests.swift in Sources */ = {isa = PBXBuildFile; fileRef = FEED00000000000000000110 /* RealYouTests.swift */; };
		FEED00000000000000000124 /* ScreenFitTests.swift in Sources */ = {isa = PBXBuildFile; fileRef = FEED00000000000000000111 /* ScreenFitTests.swift */; };
		FEED00000000000000000125 /* TapTargetTests.swift in Sources */ = {isa = PBXBuildFile; fileRef = FEED00000000000000000112 /* TapTargetTests.swift */; };
		FEED00000000000000000126 /* TutorialRoutingTests.swift in Sources */ = {isa = PBXBuildFile; fileRef = FEED00000000000000000113 /* TutorialRoutingTests.swift */; };
		FEED000000000000000000E5 /* PhoneNumberKit in Frameworks */ = {isa = PBXBuildFile; productRef = FEED000000000000000000E4 /* PhoneNumberKit */; };
		FEED000000000000000000EA /* ShowUpAPI in Frameworks */ = {isa = PBXBuildFile; productRef = FEED000000000000000000E9 /* ShowUpAPI */; };
		FEED000000000000000000EF /* Sentry in Frameworks */ = {isa = PBXBuildFile; productRef = FEED000000000000000000EE /* Sentry */; };
		FEED000000000000000000F4 /* OpenAPIRuntime in Frameworks */ = {isa = PBXBuildFile; productRef = FEED000000000000000000F3 /* OpenAPIRuntime */; };
		FEED000000000000000000F7 /* OpenAPIURLSession in Frameworks */ = {isa = PBXBuildFile; productRef = FEED000000000000000000F6 /* OpenAPIURLSession */; };
		FEED000000000000000000FA /* HTTPTypes in Frameworks */ = {isa = PBXBuildFile; productRef = FEED000000000000000000F9 /* HTTPTypes */; };
		FEED000000000000000000E7 /* PhoneNumberKit in Frameworks */ = {isa = PBXBuildFile; productRef = FEED000000000000000000E6 /* PhoneNumberKit */; };
		FEED000000000000000000EC /* ShowUpAPI in Frameworks */ = {isa = PBXBuildFile; productRef = FEED000000000000000000EB /* ShowUpAPI */; };
		FEED000000000000000000F1 /* Sentry in Frameworks */ = {isa = PBXBuildFile; productRef = FEED000000000000000000F0 /* Sentry */; };
		FEED000000000000000000FC /* OpenAPIRuntime in Frameworks */ = {isa = PBXBuildFile; productRef = FEED000000000000000000FB /* OpenAPIRuntime */; };
		FEED000000000000000000FE /* OpenAPIURLSession in Frameworks */ = {isa = PBXBuildFile; productRef = FEED000000000000000000FD /* OpenAPIURLSession */; };
		FEED00000000000000000100 /* HTTPTypes in Frameworks */ = {isa = PBXBuildFile; productRef = FEED000000000000000000FF /* HTTPTypes */; };
/* End PBXBuildFile section */

/* Begin PBXFileReference section */
		FEED00000000000000000008 /* ShowUpWelcome.app */ = {isa = PBXFileReference; explicitFileType = wrapper.application; includeInIndex = 0; path = ShowUpWelcome.app; sourceTree = BUILT_PRODUCTS_DIR; };
		FEED00000000000000000017 /* ShowUpWelcomeApp.swift */ = {isa = PBXFileReference; lastKnownFileType = sourcecode.swift; path = ShowUpWelcomeApp.swift; sourceTree = "<group>"; };
		FEED00000000000000000018 /* APIAccess.swift */ = {isa = PBXFileReference; lastKnownFileType = sourcecode.swift; path = APIAccess.swift; sourceTree = "<group>"; };
		FEED00000000000000000019 /* AVMediaCapture.swift */ = {isa = PBXFileReference; lastKnownFileType = sourcecode.swift; path = AVMediaCapture.swift; sourceTree = "<group>"; };
		FEED0000000000000000001A /* AVMediaPlayer.swift */ = {isa = PBXFileReference; lastKnownFileType = sourcecode.swift; path = AVMediaPlayer.swift; sourceTree = "<group>"; };
		FEED0000000000000000001B /* AuthMethodList.swift */ = {isa = PBXFileReference; lastKnownFileType = sourcecode.swift; path = AuthMethodList.swift; sourceTree = "<group>"; };
		FEED0000000000000000001C /* BasicsChrome.swift */ = {isa = PBXFileReference; lastKnownFileType = sourcecode.swift; path = BasicsChrome.swift; sourceTree = "<group>"; };
		FEED0000000000000000001D /* BasicsModel.swift */ = {isa = PBXFileReference; lastKnownFileType = sourcecode.swift; path = BasicsModel.swift; sourceTree = "<group>"; };
		FEED0000000000000000001E /* BasicsRepository.swift */ = {isa = PBXFileReference; lastKnownFileType = sourcecode.swift; path = BasicsRepository.swift; sourceTree = "<group>"; };
		FEED0000000000000000001F /* BasicsStep.swift */ = {isa = PBXFileReference; lastKnownFileType = sourcecode.swift; path = BasicsStep.swift; sourceTree = "<group>"; };
		FEED00000000000000000020 /* CodeSlotRow.swift */ = {isa = PBXFileReference; lastKnownFileType = sourcecode.swift; path = CodeSlotRow.swift; sourceTree = "<group>"; };
		FEED00000000000000000021 /* ComponentSizes.swift */ = {isa = PBXFileReference; lastKnownFileType = sourcecode.swift; path = ComponentSizes.swift; sourceTree = "<group>"; };
		FEED00000000000000000022 /* ConnectAccountView.swift */ = {isa = PBXFileReference; lastKnownFileType = sourcecode.swift; path = ConnectAccountView.swift; sourceTree = "<group>"; };
		FEED00000000000000000023 /* ControlPip.swift */ = {isa = PBXFileReference; lastKnownFileType = sourcecode.swift; path = ControlPip.swift; sourceTree = "<group>"; };
		FEED00000000000000000024 /* CountryCodes.swift */ = {isa = PBXFileReference; lastKnownFileType = sourcecode.swift; path = CountryCodes.swift; sourceTree = "<group>"; };
		FEED00000000000000000025 /* CountryPicker.swift */ = {isa = PBXFileReference; lastKnownFileType = sourcecode.swift; path = CountryPicker.swift; sourceTree = "<group>"; };
		FEED00000000000000000026 /* Crashes.swift */ = {isa = PBXFileReference; lastKnownFileType = sourcecode.swift; path = Crashes.swift; sourceTree = "<group>"; };
		FEED00000000000000000027 /* DateOfBirth.swift */ = {isa = PBXFileReference; lastKnownFileType = sourcecode.swift; path = DateOfBirth.swift; sourceTree = "<group>"; };
		FEED00000000000000000028 /* DesignSystem.swift */ = {isa = PBXFileReference; lastKnownFileType = sourcecode.swift; path = DesignSystem.swift; sourceTree = "<group>"; };
		FEED00000000000000000029 /* DevOfflineAuth.swift */ = {isa = PBXFileReference; lastKnownFileType = sourcecode.swift; path = DevOfflineAuth.swift; sourceTree = "<group>"; };
		FEED0000000000000000002A /* EmailVerification.swift */ = {isa = PBXFileReference; lastKnownFileType = sourcecode.swift; path = EmailVerification.swift; sourceTree = "<group>"; };
		FEED0000000000000000002B /* FloatingField.swift */ = {isa = PBXFileReference; lastKnownFileType = sourcecode.swift; path = FloatingField.swift; sourceTree = "<group>"; };
		FEED0000000000000000002C /* FlowScreen.swift */ = {isa = PBXFileReference; lastKnownFileType = sourcecode.swift; path = FlowScreen.swift; sourceTree = "<group>"; };
		FEED0000000000000000002D /* HomePlaceholderView.swift */ = {isa = PBXFileReference; lastKnownFileType = sourcecode.swift; path = HomePlaceholderView.swift; sourceTree = "<group>"; };
		FEED0000000000000000002E /* IconSizes.swift */ = {isa = PBXFileReference; lastKnownFileType = sourcecode.swift; path = IconSizes.swift; sourceTree = "<group>"; };
		FEED0000000000000000002F /* InputField.swift */ = {isa = PBXFileReference; lastKnownFileType = sourcecode.swift; path = InputField.swift; sourceTree = "<group>"; };
		FEED00000000000000000030 /* MatchMeansMeetView.swift */ = {isa = PBXFileReference; lastKnownFileType = sourcecode.swift; path = MatchMeansMeetView.swift; sourceTree = "<group>"; };
		FEED00000000000000000031 /* MatchOnAvailabilityView.swift */ = {isa = PBXFileReference; lastKnownFileType = sourcecode.swift; path = MatchOnAvailabilityView.swift; sourceTree = "<group>"; };
		FEED00000000000000000032 /* MediaAccess.swift */ = {isa = PBXFileReference; lastKnownFileType = sourcecode.swift; path = MediaAccess.swift; sourceTree = "<group>"; };
		FEED00000000000000000033 /* MediaCapture.swift */ = {isa = PBXFileReference; lastKnownFileType = sourcecode.swift; path = MediaCapture.swift; sourceTree = "<group>"; };
		FEED00000000000000000034 /* MediaCaptureView.swift */ = {isa = PBXFileReference; lastKnownFileType = sourcecode.swift; path = MediaCaptureView.swift; sourceTree = "<group>"; };
		FEED00000000000000000035 /* MediaCards.swift */ = {isa = PBXFileReference; lastKnownFileType = sourcecode.swift; path = MediaCards.swift; sourceTree = "<group>"; };
		FEED00000000000000000036 /* MediaModel.swift */ = {isa = PBXFileReference; lastKnownFileType = sourcecode.swift; path = MediaModel.swift; sourceTree = "<group>"; };
		FEED00000000000000000037 /* MediaPlayback.swift */ = {isa = PBXFileReference; lastKnownFileType = sourcecode.swift; path = MediaPlayback.swift; sourceTree = "<group>"; };
		FEED00000000000000000038 /* MediaPromptSheet.swift */ = {isa = PBXFileReference; lastKnownFileType = sourcecode.swift; path = MediaPromptSheet.swift; sourceTree = "<group>"; };
		FEED00000000000000000039 /* MediaPrompts.swift */ = {isa = PBXFileReference; lastKnownFileType = sourcecode.swift; path = MediaPrompts.swift; sourceTree = "<group>"; };
		FEED0000000000000000003A /* MediaRepository.swift */ = {isa = PBXFileReference; lastKnownFileType = sourcecode.swift; path = MediaRepository.swift; sourceTree = "<group>"; };
		FEED0000000000000000003B /* MediaState.swift */ = {isa = PBXFileReference; lastKnownFileType = sourcecode.swift; path = MediaState.swift; sourceTree = "<group>"; };
		FEED0000000000000000003C /* MeetInRealLifeView.swift */ = {isa = PBXFileReference; lastKnownFileType = sourcecode.swift; path = MeetInRealLifeView.swift; sourceTree = "<group>"; };
		FEED0000000000000000003D /* Motion.swift */ = {isa = PBXFileReference; lastKnownFileType = sourcecode.swift; path = Motion.swift; sourceTree = "<group>"; };
		FEED0000000000000000003E /* NotificationAccess.swift */ = {isa = PBXFileReference; lastKnownFileType = sourcecode.swift; path = NotificationAccess.swift; sourceTree = "<group>"; };
		FEED0000000000000000003F /* NotificationsModel.swift */ = {isa = PBXFileReference; lastKnownFileType = sourcecode.swift; path = NotificationsModel.swift; sourceTree = "<group>"; };
		FEED00000000000000000040 /* OtpPolicy.swift */ = {isa = PBXFileReference; lastKnownFileType = sourcecode.swift; path = OtpPolicy.swift; sourceTree = "<group>"; };
		FEED00000000000000000041 /* PhoneAuthModel.swift */ = {isa = PBXFileReference; lastKnownFileType = sourcecode.swift; path = PhoneAuthModel.swift; sourceTree = "<group>"; };
		FEED00000000000000000042 /* PhoneAuthRepository.swift */ = {isa = PBXFileReference; lastKnownFileType = sourcecode.swift; path = PhoneAuthRepository.swift; sourceTree = "<group>"; };
		FEED00000000000000000043 /* PhoneNumberField.swift */ = {isa = PBXFileReference; lastKnownFileType = sourcecode.swift; path = PhoneNumberField.swift; sourceTree = "<group>"; };
		FEED00000000000000000044 /* PhoneVerificationView.swift */ = {isa = PBXFileReference; lastKnownFileType = sourcecode.swift; path = PhoneVerificationView.swift; sourceTree = "<group>"; };
		FEED00000000000000000045 /* PhotoAccess.swift */ = {isa = PBXFileReference; lastKnownFileType = sourcecode.swift; path = PhotoAccess.swift; sourceTree = "<group>"; };
		FEED00000000000000000046 /* PhotoGrid.swift */ = {isa = PBXFileReference; lastKnownFileType = sourcecode.swift; path = PhotoGrid.swift; sourceTree = "<group>"; };
		FEED00000000000000000047 /* PhotoPicker.swift */ = {isa = PBXFileReference; lastKnownFileType = sourcecode.swift; path = PhotoPicker.swift; sourceTree = "<group>"; };
		FEED00000000000000000048 /* PhotoUpload.swift */ = {isa = PBXFileReference; lastKnownFileType = sourcecode.swift; path = PhotoUpload.swift; sourceTree = "<group>"; };
		FEED00000000000000000049 /* PhotosModel.swift */ = {isa = PBXFileReference; lastKnownFileType = sourcecode.swift; path = PhotosModel.swift; sourceTree = "<group>"; };
		FEED0000000000000000004A /* PhotosRepository.swift */ = {isa = PBXFileReference; lastKnownFileType = sourcecode.swift; path = PhotosRepository.swift; sourceTree = "<group>"; };
		FEED0000000000000000004B /* PrimaryButton.swift */ = {isa = PBXFileReference; lastKnownFileType = sourcecode.swift; path = PrimaryButton.swift; sourceTree = "<group>"; };
		FEED0000000000000000004C /* ProfileAnalytics.swift */ = {isa = PBXFileReference; lastKnownFileType = sourcecode.swift; path = ProfileAnalytics.swift; sourceTree = "<group>"; };
		FEED0000000000000000004D /* ProfileBasics.swift */ = {isa = PBXFileReference; lastKnownFileType = sourcecode.swift; path = ProfileBasics.swift; sourceTree = "<group>"; };
		FEED0000000000000000004E /* ProfileDob.swift */ = {isa = PBXFileReference; lastKnownFileType = sourcecode.swift; path = ProfileDob.swift; sourceTree = "<group>"; };
		FEED0000000000000000004F /* ProfileEmbrace.swift */ = {isa = PBXFileReference; lastKnownFileType = sourcecode.swift; path = ProfileEmbrace.swift; sourceTree = "<group>"; };
		FEED00000000000000000050 /* ProfileMedia.swift */ = {isa = PBXFileReference; lastKnownFileType = sourcecode.swift; path = ProfileMedia.swift; sourceTree = "<group>"; };
		FEED00000000000000000051 /* ProfileNotifications.swift */ = {isa = PBXFileReference; lastKnownFileType = sourcecode.swift; path = ProfileNotifications.swift; sourceTree = "<group>"; };
		FEED00000000000000000052 /* ProfilePhotos.swift */ = {isa = PBXFileReference; lastKnownFileType = sourcecode.swift; path = ProfilePhotos.swift; sourceTree = "<group>"; };
		FEED00000000000000000053 /* ProfileProgressRepository.swift */ = {isa = PBXFileReference; lastKnownFileType = sourcecode.swift; path = ProfileProgressRepository.swift; sourceTree = "<group>"; };
		FEED00000000000000000054 /* ProfilePrompts.swift */ = {isa = PBXFileReference; lastKnownFileType = sourcecode.swift; path = ProfilePrompts.swift; sourceTree = "<group>"; };
		FEED00000000000000000055 /* ProfileResume.swift */ = {isa = PBXFileReference; lastKnownFileType = sourcecode.swift; path = ProfileResume.swift; sourceTree = "<group>"; };
		FEED00000000000000000056 /* ProfileVerifyEmail.swift */ = {isa = PBXFileReference; lastKnownFileType = sourcecode.swift; path = ProfileVerifyEmail.swift; sourceTree = "<group>"; };
		FEED00000000000000000057 /* ProhibitedFields.swift */ = {isa = PBXFileReference; lastKnownFileType = sourcecode.swift; path = ProhibitedFields.swift; sourceTree = "<group>"; };
		FEED00000000000000000058 /* PromptTopics.swift */ = {isa = PBXFileReference; lastKnownFileType = sourcecode.swift; path = PromptTopics.swift; sourceTree = "<group>"; };
		FEED00000000000000000059 /* PromptsModel.swift */ = {isa = PBXFileReference; lastKnownFileType = sourcecode.swift; path = PromptsModel.swift; sourceTree = "<group>"; };
		FEED0000000000000000005A /* PromptsRepository.swift */ = {isa = PBXFileReference; lastKnownFileType = sourcecode.swift; path = PromptsRepository.swift; sourceTree = "<group>"; };
		FEED0000000000000000005B /* PushRegistration.swift */ = {isa = PBXFileReference; lastKnownFileType = sourcecode.swift; path = PushRegistration.swift; sourceTree = "<group>"; };
		FEED0000000000000000005C /* Radius.swift */ = {isa = PBXFileReference; lastKnownFileType = sourcecode.swift; path = Radius.swift; sourceTree = "<group>"; };
		FEED0000000000000000005D /* RealYouChrome.swift */ = {isa = PBXFileReference; lastKnownFileType = sourcecode.swift; path = RealYouChrome.swift; sourceTree = "<group>"; };
		FEED0000000000000000005E /* SheetScaffold.swift */ = {isa = PBXFileReference; lastKnownFileType = sourcecode.swift; path = SheetScaffold.swift; sourceTree = "<group>"; };
		FEED0000000000000000005F /* ShowUpEveryTimeView.swift */ = {isa = PBXFileReference; lastKnownFileType = sourcecode.swift; path = ShowUpEveryTimeView.swift; sourceTree = "<group>"; };
		FEED00000000000000000060 /* SignUpAnalytics.swift */ = {isa = PBXFileReference; lastKnownFileType = sourcecode.swift; path = SignUpAnalytics.swift; sourceTree = "<group>"; };
		FEED00000000000000000061 /* SignUpFlow.swift */ = {isa = PBXFileReference; lastKnownFileType = sourcecode.swift; path = SignUpFlow.swift; sourceTree = "<group>"; };
		FEED00000000000000000062 /* SkipLink.swift */ = {isa = PBXFileReference; lastKnownFileType = sourcecode.swift; path = SkipLink.swift; sourceTree = "<group>"; };
		FEED00000000000000000063 /* Spacing.swift */ = {isa = PBXFileReference; lastKnownFileType = sourcecode.swift; path = Spacing.swift; sourceTree = "<group>"; };
		FEED00000000000000000064 /* StartupView.swift */ = {isa = PBXFileReference; lastKnownFileType = sourcecode.swift; path = StartupView.swift; sourceTree = "<group>"; };
		FEED00000000000000000065 /* StatusBadge.swift */ = {isa = PBXFileReference; lastKnownFileType = sourcecode.swift; path = StatusBadge.swift; sourceTree = "<group>"; };
		FEED00000000000000000066 /* StepProgress.swift */ = {isa = PBXFileReference; lastKnownFileType = sourcecode.swift; path = StepProgress.swift; sourceTree = "<group>"; };
		FEED00000000000000000067 /* TapTarget.swift */ = {isa = PBXFileReference; lastKnownFileType = sourcecode.swift; path = TapTarget.swift; sourceTree = "<group>"; };
		FEED00000000000000000068 /* ThirtyMinutesView.swift */ = {isa = PBXFileReference; lastKnownFileType = sourcecode.swift; path = ThirtyMinutesView.swift; sourceTree = "<group>"; };
		FEED00000000000000000069 /* TutorialAnalytics.swift */ = {isa = PBXFileReference; lastKnownFileType = sourcecode.swift; path = TutorialAnalytics.swift; sourceTree = "<group>"; };
		FEED0000000000000000006A /* TutorialRouting.swift */ = {isa = PBXFileReference; lastKnownFileType = sourcecode.swift; path = TutorialRouting.swift; sourceTree = "<group>"; };
		FEED0000000000000000006B /* TutorialShell.swift */ = {isa = PBXFileReference; lastKnownFileType = sourcecode.swift; path = TutorialShell.swift; sourceTree = "<group>"; };
		FEED0000000000000000006C /* WelcomeBackView.swift */ = {isa = PBXFileReference; lastKnownFileType = sourcecode.swift; path = WelcomeBackView.swift; sourceTree = "<group>"; };
		FEED0000000000000000006D /* WelcomeShell.swift */ = {isa = PBXFileReference; lastKnownFileType = sourcecode.swift; path = WelcomeShell.swift; sourceTree = "<group>"; };
		FEED0000000000000000006E /* WelcomeView.swift */ = {isa = PBXFileReference; lastKnownFileType = sourcecode.swift; path = WelcomeView.swift; sourceTree = "<group>"; };
		FEED00000000000000000009 /* Info.plist */ = {isa = PBXFileReference; lastKnownFileType = text.plist.xml; path = Info.plist; sourceTree = "<group>"; };
		FEED0000000000000000000A /* Assets.xcassets */ = {isa = PBXFileReference; lastKnownFileType = folder.assetcatalog; path = Assets.xcassets; sourceTree = "<group>"; };
		FEED00000000000000000015 /* Flags */ = {isa = PBXFileReference; lastKnownFileType = folder; path = Flags; sourceTree = "<group>"; };
		FEED000000000000000000C7 /* Lora-Bold.ttf */ = {isa = PBXFileReference; lastKnownFileType = file; path = Lora-Bold.ttf; sourceTree = "<group>"; };
		FEED000000000000000000C8 /* Lora-BoldItalic.ttf */ = {isa = PBXFileReference; lastKnownFileType = file; path = Lora-BoldItalic.ttf; sourceTree = "<group>"; };
		FEED000000000000000000C9 /* Lora-Italic.ttf */ = {isa = PBXFileReference; lastKnownFileType = file; path = Lora-Italic.ttf; sourceTree = "<group>"; };
		FEED000000000000000000CA /* Lora-MediumItalic.ttf */ = {isa = PBXFileReference; lastKnownFileType = file; path = Lora-MediumItalic.ttf; sourceTree = "<group>"; };
		FEED000000000000000000CB /* Lora-Regular.ttf */ = {isa = PBXFileReference; lastKnownFileType = file; path = Lora-Regular.ttf; sourceTree = "<group>"; };
		FEED000000000000000000CC /* Manrope-Bold.ttf */ = {isa = PBXFileReference; lastKnownFileType = file; path = Manrope-Bold.ttf; sourceTree = "<group>"; };
		FEED000000000000000000CD /* Manrope-ExtraBold.ttf */ = {isa = PBXFileReference; lastKnownFileType = file; path = Manrope-ExtraBold.ttf; sourceTree = "<group>"; };
		FEED000000000000000000CE /* Manrope-Medium.ttf */ = {isa = PBXFileReference; lastKnownFileType = file; path = Manrope-Medium.ttf; sourceTree = "<group>"; };
		FEED000000000000000000CF /* Manrope-SemiBold.ttf */ = {isa = PBXFileReference; lastKnownFileType = file; path = Manrope-SemiBold.ttf; sourceTree = "<group>"; };
		FEED00000000000000000101 /* APIAccessTests.swift */ = {isa = PBXFileReference; lastKnownFileType = sourcecode.swift; path = APIAccessTests.swift; sourceTree = "<group>"; };
		FEED00000000000000000102 /* BasicsRepositoryTests.swift */ = {isa = PBXFileReference; lastKnownFileType = sourcecode.swift; path = BasicsRepositoryTests.swift; sourceTree = "<group>"; };
		FEED00000000000000000103 /* CrashesTests.swift */ = {isa = PBXFileReference; lastKnownFileType = sourcecode.swift; path = CrashesTests.swift; sourceTree = "<group>"; };
		FEED00000000000000000104 /* DateOfBirthTests.swift */ = {isa = PBXFileReference; lastKnownFileType = sourcecode.swift; path = DateOfBirthTests.swift; sourceTree = "<group>"; };
		FEED00000000000000000105 /* FitDevices.swift */ = {isa = PBXFileReference; lastKnownFileType = sourcecode.swift; path = FitDevices.swift; sourceTree = "<group>"; };
		FEED00000000000000000106 /* FlowScreenTests.swift */ = {isa = PBXFileReference; lastKnownFileType = sourcecode.swift; path = FlowScreenTests.swift; sourceTree = "<group>"; };
		FEED00000000000000000107 /* MediaPromptsTests.swift */ = {isa = PBXFileReference; lastKnownFileType = sourcecode.swift; path = MediaPromptsTests.swift; sourceTree = "<group>"; };
		FEED00000000000000000108 /* MediaRulesTests.swift */ = {isa = PBXFileReference; lastKnownFileType = sourcecode.swift; path = MediaRulesTests.swift; sourceTree = "<group>"; };
		FEED00000000000000000109 /* NotificationRulesTests.swift */ = {isa = PBXFileReference; lastKnownFileType = sourcecode.swift; path = NotificationRulesTests.swift; sourceTree = "<group>"; };
		FEED0000000000000000010A /* PhoneAuthRepositoryTests.swift */ = {isa = PBXFileReference; lastKnownFileType = sourcecode.swift; path = PhoneAuthRepositoryTests.swift; sourceTree = "<group>"; };
		FEED0000000000000000010B /* PhoneValidationTests.swift */ = {isa = PBXFileReference; lastKnownFileType = sourcecode.swift; path = PhoneValidationTests.swift; sourceTree = "<group>"; };
		FEED0000000000000000010C /* PhotoUploadTests.swift */ = {isa = PBXFileReference; lastKnownFileType = sourcecode.swift; path = PhotoUploadTests.swift; sourceTree = "<group>"; };
		FEED0000000000000000010D /* PhotosReorderTests.swift */ = {isa = PBXFileReference; lastKnownFileType = sourcecode.swift; path = PhotosReorderTests.swift; sourceTree = "<group>"; };
		FEED0000000000000000010E /* ProfileAnalyticsTests.swift */ = {isa = PBXFileReference; lastKnownFileType = sourcecode.swift; path = ProfileAnalyticsTests.swift; sourceTree = "<group>"; };
		FEED0000000000000000010F /* PromptsTrackingTests.swift */ = {isa = PBXFileReference; lastKnownFileType = sourcecode.swift; path = PromptsTrackingTests.swift; sourceTree = "<group>"; };
		FEED00000000000000000110 /* RealYouTests.swift */ = {isa = PBXFileReference; lastKnownFileType = sourcecode.swift; path = RealYouTests.swift; sourceTree = "<group>"; };
		FEED00000000000000000111 /* ScreenFitTests.swift */ = {isa = PBXFileReference; lastKnownFileType = sourcecode.swift; path = ScreenFitTests.swift; sourceTree = "<group>"; };
		FEED00000000000000000112 /* TapTargetTests.swift */ = {isa = PBXFileReference; lastKnownFileType = sourcecode.swift; path = TapTargetTests.swift; sourceTree = "<group>"; };
		FEED00000000000000000113 /* TutorialRoutingTests.swift */ = {isa = PBXFileReference; lastKnownFileType = sourcecode.swift; path = TutorialRoutingTests.swift; sourceTree = "<group>"; };
		FEED000000000000000000DA /* ShowUpWelcomeTests.xctest */ = {isa = PBXFileReference; explicitFileType = wrapper.cfbundle; includeInIndex = 0; path = ShowUpWelcomeTests.xctest; sourceTree = BUILT_PRODUCTS_DIR; };
/* End PBXFileReference section */

/* Begin PBXFrameworksBuildPhase section */
		FEED0000000000000000000C /* Frameworks */ = {
			isa = PBXFrameworksBuildPhase;
			buildActionMask = 2147483647;
			files = (
				FEED000000000000000000E5 /* PhoneNumberKit in Frameworks */,
				FEED000000000000000000EA /* ShowUpAPI in Frameworks */,
				FEED000000000000000000EF /* Sentry in Frameworks */,
				FEED000000000000000000F4 /* OpenAPIRuntime in Frameworks */,
				FEED000000000000000000F7 /* OpenAPIURLSession in Frameworks */,
				FEED000000000000000000FA /* HTTPTypes in Frameworks */,
			);
			runOnlyForDeploymentPostprocessing = 0;
		};
		FEED000000000000000000DC /* Frameworks */ = {
			isa = PBXFrameworksBuildPhase;
			buildActionMask = 2147483647;
			files = (
				FEED000000000000000000E7 /* PhoneNumberKit in Frameworks */,
				FEED000000000000000000EC /* ShowUpAPI in Frameworks */,
				FEED000000000000000000F1 /* Sentry in Frameworks */,
				FEED000000000000000000FC /* OpenAPIRuntime in Frameworks */,
				FEED000000000000000000FE /* OpenAPIURLSession in Frameworks */,
				FEED00000000000000000100 /* HTTPTypes in Frameworks */,
			);
			runOnlyForDeploymentPostprocessing = 0;
		};
/* End PBXFrameworksBuildPhase section */

/* Begin PBXGroup section */
		FEED00000000000000000004 = {
			isa = PBXGroup;
			children = (
				FEED00000000000000000005 /* ShowUpWelcome */,
				FEED000000000000000000D9 /* ShowUpWelcomeTests */,
				FEED00000000000000000007 /* Products */,
			);
			sourceTree = "<group>";
		};
		FEED00000000000000000005 /* ShowUpWelcome */ = {
			isa = PBXGroup;
			children = (
				FEED00000000000000000017 /* ShowUpWelcomeApp.swift */,
				FEED00000000000000000018 /* APIAccess.swift */,
				FEED00000000000000000019 /* AVMediaCapture.swift */,
				FEED0000000000000000001A /* AVMediaPlayer.swift */,
				FEED0000000000000000001B /* AuthMethodList.swift */,
				FEED0000000000000000001C /* BasicsChrome.swift */,
				FEED0000000000000000001D /* BasicsModel.swift */,
				FEED0000000000000000001E /* BasicsRepository.swift */,
				FEED0000000000000000001F /* BasicsStep.swift */,
				FEED00000000000000000020 /* CodeSlotRow.swift */,
				FEED00000000000000000021 /* ComponentSizes.swift */,
				FEED00000000000000000022 /* ConnectAccountView.swift */,
				FEED00000000000000000023 /* ControlPip.swift */,
				FEED00000000000000000024 /* CountryCodes.swift */,
				FEED00000000000000000025 /* CountryPicker.swift */,
				FEED00000000000000000026 /* Crashes.swift */,
				FEED00000000000000000027 /* DateOfBirth.swift */,
				FEED00000000000000000028 /* DesignSystem.swift */,
				FEED00000000000000000029 /* DevOfflineAuth.swift */,
				FEED0000000000000000002A /* EmailVerification.swift */,
				FEED0000000000000000002B /* FloatingField.swift */,
				FEED0000000000000000002C /* FlowScreen.swift */,
				FEED0000000000000000002D /* HomePlaceholderView.swift */,
				FEED0000000000000000002E /* IconSizes.swift */,
				FEED0000000000000000002F /* InputField.swift */,
				FEED00000000000000000030 /* MatchMeansMeetView.swift */,
				FEED00000000000000000031 /* MatchOnAvailabilityView.swift */,
				FEED00000000000000000032 /* MediaAccess.swift */,
				FEED00000000000000000033 /* MediaCapture.swift */,
				FEED00000000000000000034 /* MediaCaptureView.swift */,
				FEED00000000000000000035 /* MediaCards.swift */,
				FEED00000000000000000036 /* MediaModel.swift */,
				FEED00000000000000000037 /* MediaPlayback.swift */,
				FEED00000000000000000038 /* MediaPromptSheet.swift */,
				FEED00000000000000000039 /* MediaPrompts.swift */,
				FEED0000000000000000003A /* MediaRepository.swift */,
				FEED0000000000000000003B /* MediaState.swift */,
				FEED0000000000000000003C /* MeetInRealLifeView.swift */,
				FEED0000000000000000003D /* Motion.swift */,
				FEED0000000000000000003E /* NotificationAccess.swift */,
				FEED0000000000000000003F /* NotificationsModel.swift */,
				FEED00000000000000000040 /* OtpPolicy.swift */,
				FEED00000000000000000041 /* PhoneAuthModel.swift */,
				FEED00000000000000000042 /* PhoneAuthRepository.swift */,
				FEED00000000000000000043 /* PhoneNumberField.swift */,
				FEED00000000000000000044 /* PhoneVerificationView.swift */,
				FEED00000000000000000045 /* PhotoAccess.swift */,
				FEED00000000000000000046 /* PhotoGrid.swift */,
				FEED00000000000000000047 /* PhotoPicker.swift */,
				FEED00000000000000000048 /* PhotoUpload.swift */,
				FEED00000000000000000049 /* PhotosModel.swift */,
				FEED0000000000000000004A /* PhotosRepository.swift */,
				FEED0000000000000000004B /* PrimaryButton.swift */,
				FEED0000000000000000004C /* ProfileAnalytics.swift */,
				FEED0000000000000000004D /* ProfileBasics.swift */,
				FEED0000000000000000004E /* ProfileDob.swift */,
				FEED0000000000000000004F /* ProfileEmbrace.swift */,
				FEED00000000000000000050 /* ProfileMedia.swift */,
				FEED00000000000000000051 /* ProfileNotifications.swift */,
				FEED00000000000000000052 /* ProfilePhotos.swift */,
				FEED00000000000000000053 /* ProfileProgressRepository.swift */,
				FEED00000000000000000054 /* ProfilePrompts.swift */,
				FEED00000000000000000055 /* ProfileResume.swift */,
				FEED00000000000000000056 /* ProfileVerifyEmail.swift */,
				FEED00000000000000000057 /* ProhibitedFields.swift */,
				FEED00000000000000000058 /* PromptTopics.swift */,
				FEED00000000000000000059 /* PromptsModel.swift */,
				FEED0000000000000000005A /* PromptsRepository.swift */,
				FEED0000000000000000005B /* PushRegistration.swift */,
				FEED0000000000000000005C /* Radius.swift */,
				FEED0000000000000000005D /* RealYouChrome.swift */,
				FEED0000000000000000005E /* SheetScaffold.swift */,
				FEED0000000000000000005F /* ShowUpEveryTimeView.swift */,
				FEED00000000000000000060 /* SignUpAnalytics.swift */,
				FEED00000000000000000061 /* SignUpFlow.swift */,
				FEED00000000000000000062 /* SkipLink.swift */,
				FEED00000000000000000063 /* Spacing.swift */,
				FEED00000000000000000064 /* StartupView.swift */,
				FEED00000000000000000065 /* StatusBadge.swift */,
				FEED00000000000000000066 /* StepProgress.swift */,
				FEED00000000000000000067 /* TapTarget.swift */,
				FEED00000000000000000068 /* ThirtyMinutesView.swift */,
				FEED00000000000000000069 /* TutorialAnalytics.swift */,
				FEED0000000000000000006A /* TutorialRouting.swift */,
				FEED0000000000000000006B /* TutorialShell.swift */,
				FEED0000000000000000006C /* WelcomeBackView.swift */,
				FEED0000000000000000006D /* WelcomeShell.swift */,
				FEED0000000000000000006E /* WelcomeView.swift */,
				FEED0000000000000000000A /* Assets.xcassets */,
				FEED00000000000000000015 /* Flags */,
				FEED00000000000000000006 /* Fonts */,
				FEED00000000000000000009 /* Info.plist */,
			);
			path = ShowUpWelcome;
			sourceTree = "<group>";
		};
		FEED00000000000000000006 /* Fonts */ = {
			isa = PBXGroup;
			children = (
				FEED000000000000000000C7 /* Lora-Bold.ttf */,
				FEED000000000000000000C8 /* Lora-BoldItalic.ttf */,
				FEED000000000000000000C9 /* Lora-Italic.ttf */,
				FEED000000000000000000CA /* Lora-MediumItalic.ttf */,
				FEED000000000000000000CB /* Lora-Regular.ttf */,
				FEED000000000000000000CC /* Manrope-Bold.ttf */,
				FEED000000000000000000CD /* Manrope-ExtraBold.ttf */,
				FEED000000000000000000CE /* Manrope-Medium.ttf */,
				FEED000000000000000000CF /* Manrope-SemiBold.ttf */,
			);
			path = Fonts;
			sourceTree = "<group>";
		};
		FEED000000000000000000D9 /* ShowUpWelcomeTests */ = {
			isa = PBXGroup;
			children = (
				FEED00000000000000000101 /* APIAccessTests.swift */,
				FEED00000000000000000102 /* BasicsRepositoryTests.swift */,
				FEED00000000000000000103 /* CrashesTests.swift */,
				FEED00000000000000000104 /* DateOfBirthTests.swift */,
				FEED00000000000000000105 /* FitDevices.swift */,
				FEED00000000000000000106 /* FlowScreenTests.swift */,
				FEED00000000000000000107 /* MediaPromptsTests.swift */,
				FEED00000000000000000108 /* MediaRulesTests.swift */,
				FEED00000000000000000109 /* NotificationRulesTests.swift */,
				FEED0000000000000000010A /* PhoneAuthRepositoryTests.swift */,
				FEED0000000000000000010B /* PhoneValidationTests.swift */,
				FEED0000000000000000010C /* PhotoUploadTests.swift */,
				FEED0000000000000000010D /* PhotosReorderTests.swift */,
				FEED0000000000000000010E /* ProfileAnalyticsTests.swift */,
				FEED0000000000000000010F /* PromptsTrackingTests.swift */,
				FEED00000000000000000110 /* RealYouTests.swift */,
				FEED00000000000000000111 /* ScreenFitTests.swift */,
				FEED00000000000000000112 /* TapTargetTests.swift */,
				FEED00000000000000000113 /* TutorialRoutingTests.swift */,
			);
			path = ShowUpWelcomeTests;
			sourceTree = "<group>";
		};
		FEED00000000000000000007 /* Products */ = {
			isa = PBXGroup;
			children = (
				FEED00000000000000000008 /* ShowUpWelcome.app */,
				FEED000000000000000000DA /* ShowUpWelcomeTests.xctest */,
			);
			name = Products;
			sourceTree = "<group>";
		};
/* End PBXGroup section */

/* Begin PBXNativeTarget section */
		FEED00000000000000000002 /* ShowUpWelcome */ = {
			isa = PBXNativeTarget;
			buildConfigurationList = FEED0000000000000000000F /* Build configuration list for PBXNativeTarget "ShowUpWelcome" */;
			buildPhases = (
				FEED0000000000000000000B /* Sources */,
				FEED0000000000000000000C /* Frameworks */,
				FEED0000000000000000000D /* Resources */,
			);
			buildRules = (
			);
			dependencies = (
			);
			name = ShowUpWelcome;
			productName = ShowUpWelcome;
			packageProductDependencies = (
				FEED000000000000000000E4 /* PhoneNumberKit */,
				FEED000000000000000000E9 /* ShowUpAPI */,
				FEED000000000000000000EE /* Sentry */,
				FEED000000000000000000F3 /* OpenAPIRuntime */,
				FEED000000000000000000F6 /* OpenAPIURLSession */,
				FEED000000000000000000F9 /* HTTPTypes */,
			);
			productReference = FEED00000000000000000008 /* ShowUpWelcome.app */;
			productType = "com.apple.product-type.application";
		};
		FEED00000000000000000003 /* ShowUpWelcomeTests */ = {
			isa = PBXNativeTarget;
			buildConfigurationList = FEED000000000000000000DE /* Build configuration list for PBXNativeTarget "ShowUpWelcomeTests" */;
			buildPhases = (
				FEED000000000000000000DB /* Sources */,
				FEED000000000000000000DC /* Frameworks */,
				FEED000000000000000000DD /* Resources */,
			);
			buildRules = (
			);
			dependencies = (
				FEED000000000000000000E2 /* PBXTargetDependency */,
			);
			name = ShowUpWelcomeTests;
			productName = ShowUpWelcomeTests;
			packageProductDependencies = (
				FEED000000000000000000E6 /* PhoneNumberKit */,
				FEED000000000000000000EB /* ShowUpAPI */,
				FEED000000000000000000F0 /* Sentry */,
				FEED000000000000000000FB /* OpenAPIRuntime */,
				FEED000000000000000000FD /* OpenAPIURLSession */,
				FEED000000000000000000FF /* HTTPTypes */,
			);
			productReference = FEED000000000000000000DA /* ShowUpWelcomeTests.xctest */;
			productType = "com.apple.product-type.bundle.unit-test";
		};
/* End PBXNativeTarget section */

/* Begin PBXContainerItemProxy section */
		FEED000000000000000000E1 /* PBXContainerItemProxy */ = {
			isa = PBXContainerItemProxy;
			containerPortal = FEED00000000000000000001 /* Project object */;
			proxyType = 1;
			remoteGlobalIDString = FEED00000000000000000002;
			remoteInfo = ShowUpWelcome;
		};
/* End PBXContainerItemProxy section */

/* Begin PBXTargetDependency section */
		FEED000000000000000000E2 /* PBXTargetDependency */ = {
			isa = PBXTargetDependency;
			target = FEED00000000000000000002 /* ShowUpWelcome */;
			targetProxy = FEED000000000000000000E1 /* PBXContainerItemProxy */;
		};
/* End PBXTargetDependency section */

/* Begin PBXProject section */
		FEED00000000000000000001 /* Project object */ = {
			isa = PBXProject;
			attributes = {
				BuildIndependentTargetsInParallel = 1;
				LastSwiftUpdateCheck = 1500;
				LastUpgradeCheck = 1500;
				TargetAttributes = {
					FEED00000000000000000002 = {
						CreatedOnToolsVersion = 15.0;
					};
					FEED00000000000000000003 = {
						CreatedOnToolsVersion = 15.0;
						TestTargetID = FEED00000000000000000002;
					};
				};
			};
			buildConfigurationList = FEED0000000000000000000E /* Build configuration list for PBXProject "ShowUpWelcome" */;
			compatibilityVersion = "Xcode 14.0";
			developmentRegion = en;
			hasScannedForEncodings = 0;
			knownRegions = (
				en,
				Base,
			);
			mainGroup = FEED00000000000000000004;
			packageReferences = (
				FEED000000000000000000E3 /* XCRemoteSwiftPackageReference "PhoneNumberKit" */,
				FEED000000000000000000E8 /* XCLocalSwiftPackageReference "ShowUpAPI" */,
				FEED000000000000000000ED /* XCRemoteSwiftPackageReference "sentry-cocoa" */,
				FEED000000000000000000F2 /* XCRemoteSwiftPackageReference "swift-openapi-runtime" */,
				FEED000000000000000000F5 /* XCRemoteSwiftPackageReference "swift-openapi-urlsession" */,
				FEED000000000000000000F8 /* XCRemoteSwiftPackageReference "swift-http-types" */,
			);
			productRefGroup = FEED00000000000000000007 /* Products */;
			projectDirPath = "";
			projectRoot = "";
			targets = (
				FEED00000000000000000002 /* ShowUpWelcome */,
				FEED00000000000000000003 /* ShowUpWelcomeTests */,
			);
		};
/* End PBXProject section */

/* Begin PBXResourcesBuildPhase section */
		FEED0000000000000000000D /* Resources */ = {
			isa = PBXResourcesBuildPhase;
			buildActionMask = 2147483647;
			files = (
				FEED00000000000000000014 /* Assets.xcassets in Resources */,
				FEED00000000000000000016 /* Flags in Resources */,
				FEED000000000000000000D0 /* Lora-Bold.ttf in Resources */,
				FEED000000000000000000D1 /* Lora-BoldItalic.ttf in Resources */,
				FEED000000000000000000D2 /* Lora-Italic.ttf in Resources */,
				FEED000000000000000000D3 /* Lora-MediumItalic.ttf in Resources */,
				FEED000000000000000000D4 /* Lora-Regular.ttf in Resources */,
				FEED000000000000000000D5 /* Manrope-Bold.ttf in Resources */,
				FEED000000000000000000D6 /* Manrope-ExtraBold.ttf in Resources */,
				FEED000000000000000000D7 /* Manrope-Medium.ttf in Resources */,
				FEED000000000000000000D8 /* Manrope-SemiBold.ttf in Resources */,
			);
			runOnlyForDeploymentPostprocessing = 0;
		};
		FEED000000000000000000DD /* Resources */ = {
			isa = PBXResourcesBuildPhase;
			buildActionMask = 2147483647;
			files = (
			);
			runOnlyForDeploymentPostprocessing = 0;
		};
/* End PBXResourcesBuildPhase section */

/* Begin PBXSourcesBuildPhase section */
		FEED0000000000000000000B /* Sources */ = {
			isa = PBXSourcesBuildPhase;
			buildActionMask = 2147483647;
			files = (
				FEED0000000000000000006F /* ShowUpWelcomeApp.swift in Sources */,
				FEED00000000000000000070 /* APIAccess.swift in Sources */,
				FEED00000000000000000071 /* AVMediaCapture.swift in Sources */,
				FEED00000000000000000072 /* AVMediaPlayer.swift in Sources */,
				FEED00000000000000000073 /* AuthMethodList.swift in Sources */,
				FEED00000000000000000074 /* BasicsChrome.swift in Sources */,
				FEED00000000000000000075 /* BasicsModel.swift in Sources */,
				FEED00000000000000000076 /* BasicsRepository.swift in Sources */,
				FEED00000000000000000077 /* BasicsStep.swift in Sources */,
				FEED00000000000000000078 /* CodeSlotRow.swift in Sources */,
				FEED00000000000000000079 /* ComponentSizes.swift in Sources */,
				FEED0000000000000000007A /* ConnectAccountView.swift in Sources */,
				FEED0000000000000000007B /* ControlPip.swift in Sources */,
				FEED0000000000000000007C /* CountryCodes.swift in Sources */,
				FEED0000000000000000007D /* CountryPicker.swift in Sources */,
				FEED0000000000000000007E /* Crashes.swift in Sources */,
				FEED0000000000000000007F /* DateOfBirth.swift in Sources */,
				FEED00000000000000000080 /* DesignSystem.swift in Sources */,
				FEED00000000000000000081 /* DevOfflineAuth.swift in Sources */,
				FEED00000000000000000082 /* EmailVerification.swift in Sources */,
				FEED00000000000000000083 /* FloatingField.swift in Sources */,
				FEED00000000000000000084 /* FlowScreen.swift in Sources */,
				FEED00000000000000000085 /* HomePlaceholderView.swift in Sources */,
				FEED00000000000000000086 /* IconSizes.swift in Sources */,
				FEED00000000000000000087 /* InputField.swift in Sources */,
				FEED00000000000000000088 /* MatchMeansMeetView.swift in Sources */,
				FEED00000000000000000089 /* MatchOnAvailabilityView.swift in Sources */,
				FEED0000000000000000008A /* MediaAccess.swift in Sources */,
				FEED0000000000000000008B /* MediaCapture.swift in Sources */,
				FEED0000000000000000008C /* MediaCaptureView.swift in Sources */,
				FEED0000000000000000008D /* MediaCards.swift in Sources */,
				FEED0000000000000000008E /* MediaModel.swift in Sources */,
				FEED0000000000000000008F /* MediaPlayback.swift in Sources */,
				FEED00000000000000000090 /* MediaPromptSheet.swift in Sources */,
				FEED00000000000000000091 /* MediaPrompts.swift in Sources */,
				FEED00000000000000000092 /* MediaRepository.swift in Sources */,
				FEED00000000000000000093 /* MediaState.swift in Sources */,
				FEED00000000000000000094 /* MeetInRealLifeView.swift in Sources */,
				FEED00000000000000000095 /* Motion.swift in Sources */,
				FEED00000000000000000096 /* NotificationAccess.swift in Sources */,
				FEED00000000000000000097 /* NotificationsModel.swift in Sources */,
				FEED00000000000000000098 /* OtpPolicy.swift in Sources */,
				FEED00000000000000000099 /* PhoneAuthModel.swift in Sources */,
				FEED0000000000000000009A /* PhoneAuthRepository.swift in Sources */,
				FEED0000000000000000009B /* PhoneNumberField.swift in Sources */,
				FEED0000000000000000009C /* PhoneVerificationView.swift in Sources */,
				FEED0000000000000000009D /* PhotoAccess.swift in Sources */,
				FEED0000000000000000009E /* PhotoGrid.swift in Sources */,
				FEED0000000000000000009F /* PhotoPicker.swift in Sources */,
				FEED000000000000000000A0 /* PhotoUpload.swift in Sources */,
				FEED000000000000000000A1 /* PhotosModel.swift in Sources */,
				FEED000000000000000000A2 /* PhotosRepository.swift in Sources */,
				FEED000000000000000000A3 /* PrimaryButton.swift in Sources */,
				FEED000000000000000000A4 /* ProfileAnalytics.swift in Sources */,
				FEED000000000000000000A5 /* ProfileBasics.swift in Sources */,
				FEED000000000000000000A6 /* ProfileDob.swift in Sources */,
				FEED000000000000000000A7 /* ProfileEmbrace.swift in Sources */,
				FEED000000000000000000A8 /* ProfileMedia.swift in Sources */,
				FEED000000000000000000A9 /* ProfileNotifications.swift in Sources */,
				FEED000000000000000000AA /* ProfilePhotos.swift in Sources */,
				FEED000000000000000000AB /* ProfileProgressRepository.swift in Sources */,
				FEED000000000000000000AC /* ProfilePrompts.swift in Sources */,
				FEED000000000000000000AD /* ProfileResume.swift in Sources */,
				FEED000000000000000000AE /* ProfileVerifyEmail.swift in Sources */,
				FEED000000000000000000AF /* ProhibitedFields.swift in Sources */,
				FEED000000000000000000B0 /* PromptTopics.swift in Sources */,
				FEED000000000000000000B1 /* PromptsModel.swift in Sources */,
				FEED000000000000000000B2 /* PromptsRepository.swift in Sources */,
				FEED000000000000000000B3 /* PushRegistration.swift in Sources */,
				FEED000000000000000000B4 /* Radius.swift in Sources */,
				FEED000000000000000000B5 /* RealYouChrome.swift in Sources */,
				FEED000000000000000000B6 /* SheetScaffold.swift in Sources */,
				FEED000000000000000000B7 /* ShowUpEveryTimeView.swift in Sources */,
				FEED000000000000000000B8 /* SignUpAnalytics.swift in Sources */,
				FEED000000000000000000B9 /* SignUpFlow.swift in Sources */,
				FEED000000000000000000BA /* SkipLink.swift in Sources */,
				FEED000000000000000000BB /* Spacing.swift in Sources */,
				FEED000000000000000000BC /* StartupView.swift in Sources */,
				FEED000000000000000000BD /* StatusBadge.swift in Sources */,
				FEED000000000000000000BE /* StepProgress.swift in Sources */,
				FEED000000000000000000BF /* TapTarget.swift in Sources */,
				FEED000000000000000000C0 /* ThirtyMinutesView.swift in Sources */,
				FEED000000000000000000C1 /* TutorialAnalytics.swift in Sources */,
				FEED000000000000000000C2 /* TutorialRouting.swift in Sources */,
				FEED000000000000000000C3 /* TutorialShell.swift in Sources */,
				FEED000000000000000000C4 /* WelcomeBackView.swift in Sources */,
				FEED000000000000000000C5 /* WelcomeShell.swift in Sources */,
				FEED000000000000000000C6 /* WelcomeView.swift in Sources */,
			);
			runOnlyForDeploymentPostprocessing = 0;
		};
		FEED000000000000000000DB /* Sources */ = {
			isa = PBXSourcesBuildPhase;
			buildActionMask = 2147483647;
			files = (
				FEED00000000000000000114 /* APIAccessTests.swift in Sources */,
				FEED00000000000000000115 /* BasicsRepositoryTests.swift in Sources */,
				FEED00000000000000000116 /* CrashesTests.swift in Sources */,
				FEED00000000000000000117 /* DateOfBirthTests.swift in Sources */,
				FEED00000000000000000118 /* FitDevices.swift in Sources */,
				FEED00000000000000000119 /* FlowScreenTests.swift in Sources */,
				FEED0000000000000000011A /* MediaPromptsTests.swift in Sources */,
				FEED0000000000000000011B /* MediaRulesTests.swift in Sources */,
				FEED0000000000000000011C /* NotificationRulesTests.swift in Sources */,
				FEED0000000000000000011D /* PhoneAuthRepositoryTests.swift in Sources */,
				FEED0000000000000000011E /* PhoneValidationTests.swift in Sources */,
				FEED0000000000000000011F /* PhotoUploadTests.swift in Sources */,
				FEED00000000000000000120 /* PhotosReorderTests.swift in Sources */,
				FEED00000000000000000121 /* ProfileAnalyticsTests.swift in Sources */,
				FEED00000000000000000122 /* PromptsTrackingTests.swift in Sources */,
				FEED00000000000000000123 /* RealYouTests.swift in Sources */,
				FEED00000000000000000124 /* ScreenFitTests.swift in Sources */,
				FEED00000000000000000125 /* TapTargetTests.swift in Sources */,
				FEED00000000000000000126 /* TutorialRoutingTests.swift in Sources */,
			);
			runOnlyForDeploymentPostprocessing = 0;
		};
/* End PBXSourcesBuildPhase section */

/* Begin XCBuildConfiguration section */
		FEED00000000000000000010 /* Debug */ = {
			isa = XCBuildConfiguration;
			buildSettings = {
				ALWAYS_SEARCH_USER_PATHS = NO;
				CLANG_ANALYZER_NONNULL = YES;
				CLANG_ENABLE_MODULES = YES;
				CLANG_ENABLE_OBJC_ARC = YES;
				CLANG_WARN_BOOL_CONVERSION = YES;
				CLANG_WARN_DOCUMENTATION_COMMENTS = YES;
				CLANG_WARN_EMPTY_BODY = YES;
				CLANG_WARN_UNREACHABLE_CODE = YES;
				COPY_PHASE_STRIP = NO;
				ENABLE_STRICT_OBJC_MSGSEND = YES;
				GCC_C_LANGUAGE_STANDARD = gnu17;
				GCC_NO_COMMON_BLOCKS = YES;
				GCC_WARN_UNUSED_VARIABLE = YES;
				IPHONEOS_DEPLOYMENT_TARGET = 17.0;
				SDKROOT = iphoneos;
				DEBUG_INFORMATION_FORMAT = dwarf;
				ENABLE_TESTABILITY = YES;
				GCC_OPTIMIZATION_LEVEL = 0;
				MTL_ENABLE_DEBUG_INFO = INCLUDE_SOURCE;
				ONLY_ACTIVE_ARCH = YES;
				SWIFT_ACTIVE_COMPILATION_CONDITIONS = "DEBUG $(inherited)";
				SWIFT_OPTIMIZATION_LEVEL = "-Onone";
			};
			name = Debug;
		};
		FEED00000000000000000011 /* Release */ = {
			isa = XCBuildConfiguration;
			buildSettings = {
				ALWAYS_SEARCH_USER_PATHS = NO;
				CLANG_ANALYZER_NONNULL = YES;
				CLANG_ENABLE_MODULES = YES;
				CLANG_ENABLE_OBJC_ARC = YES;
				CLANG_WARN_BOOL_CONVERSION = YES;
				CLANG_WARN_DOCUMENTATION_COMMENTS = YES;
				CLANG_WARN_EMPTY_BODY = YES;
				CLANG_WARN_UNREACHABLE_CODE = YES;
				COPY_PHASE_STRIP = NO;
				ENABLE_STRICT_OBJC_MSGSEND = YES;
				GCC_C_LANGUAGE_STANDARD = gnu17;
				GCC_NO_COMMON_BLOCKS = YES;
				GCC_WARN_UNUSED_VARIABLE = YES;
				IPHONEOS_DEPLOYMENT_TARGET = 17.0;
				SDKROOT = iphoneos;
				DEBUG_INFORMATION_FORMAT = "dwarf-with-dsym";
				ENABLE_NS_ASSERTIONS = NO;
				MTL_ENABLE_DEBUG_INFO = NO;
				SWIFT_COMPILATION_MODE = wholemodule;
				VALIDATE_PRODUCT = YES;
			};
			name = Release;
		};
		FEED00000000000000000012 /* Debug */ = {
			isa = XCBuildConfiguration;
			buildSettings = {
				ASSETCATALOG_COMPILER_APPICON_NAME = AppIcon;
				ASSETCATALOG_COMPILER_GLOBAL_ACCENT_COLOR_NAME = AccentColor;
				CODE_SIGN_STYLE = Automatic;
				CURRENT_PROJECT_VERSION = 1;
				ENABLE_PREVIEWS = YES;
				GENERATE_INFOPLIST_FILE = NO;
				INFOPLIST_FILE = ShowUpWelcome/Info.plist;
				LD_RUNPATH_SEARCH_PATHS = (
					"$(inherited)",
					"@executable_path/Frameworks",
				);
				MARKETING_VERSION = 0.1;
				PRODUCT_BUNDLE_IDENTIFIER = org.loveiq.showup.welcomepreview;
				PRODUCT_NAME = "$(TARGET_NAME)";
				SWIFT_EMIT_LOC_STRINGS = YES;
				SWIFT_STRICT_CONCURRENCY = complete;
				SWIFT_VERSION = 5.0;
				TARGETED_DEVICE_FAMILY = 1;
			};
			name = Debug;
		};
		FEED00000000000000000013 /* Release */ = {
			isa = XCBuildConfiguration;
			buildSettings = {
				ASSETCATALOG_COMPILER_APPICON_NAME = AppIcon;
				ASSETCATALOG_COMPILER_GLOBAL_ACCENT_COLOR_NAME = AccentColor;
				CODE_SIGN_STYLE = Automatic;
				CURRENT_PROJECT_VERSION = 1;
				ENABLE_PREVIEWS = YES;
				GENERATE_INFOPLIST_FILE = NO;
				INFOPLIST_FILE = ShowUpWelcome/Info.plist;
				LD_RUNPATH_SEARCH_PATHS = (
					"$(inherited)",
					"@executable_path/Frameworks",
				);
				MARKETING_VERSION = 0.1;
				PRODUCT_BUNDLE_IDENTIFIER = org.loveiq.showup.welcomepreview;
				PRODUCT_NAME = "$(TARGET_NAME)";
				SWIFT_EMIT_LOC_STRINGS = YES;
				SWIFT_STRICT_CONCURRENCY = complete;
				SWIFT_VERSION = 5.0;
				TARGETED_DEVICE_FAMILY = 1;
			};
			name = Release;
		};
		FEED000000000000000000DF /* Debug */ = {
			isa = XCBuildConfiguration;
			buildSettings = {
				BUNDLE_LOADER = "$(TEST_HOST)";
				CODE_SIGN_STYLE = Automatic;
				CURRENT_PROJECT_VERSION = 1;
				GENERATE_INFOPLIST_FILE = YES;
				MARKETING_VERSION = 0.1;
				PRODUCT_BUNDLE_IDENTIFIER = org.loveiq.showup.welcomepreview.tests;
				PRODUCT_NAME = "$(TARGET_NAME)";
				SWIFT_EMIT_LOC_STRINGS = NO;
				SWIFT_STRICT_CONCURRENCY = complete;
				SWIFT_VERSION = 5.0;
				TARGETED_DEVICE_FAMILY = 1;
				TEST_HOST = "$(BUILT_PRODUCTS_DIR)/ShowUpWelcome.app/$(BUNDLE_EXECUTABLE_FOLDER_PATH)/ShowUpWelcome";
			};
			name = Debug;
		};
		FEED000000000000000000E0 /* Release */ = {
			isa = XCBuildConfiguration;
			buildSettings = {
				BUNDLE_LOADER = "$(TEST_HOST)";
				CODE_SIGN_STYLE = Automatic;
				CURRENT_PROJECT_VERSION = 1;
				GENERATE_INFOPLIST_FILE = YES;
				MARKETING_VERSION = 0.1;
				PRODUCT_BUNDLE_IDENTIFIER = org.loveiq.showup.welcomepreview.tests;
				PRODUCT_NAME = "$(TARGET_NAME)";
				SWIFT_EMIT_LOC_STRINGS = NO;
				SWIFT_STRICT_CONCURRENCY = complete;
				SWIFT_VERSION = 5.0;
				TARGETED_DEVICE_FAMILY = 1;
				TEST_HOST = "$(BUILT_PRODUCTS_DIR)/ShowUpWelcome.app/$(BUNDLE_EXECUTABLE_FOLDER_PATH)/ShowUpWelcome";
			};
			name = Release;
		};
/* End XCBuildConfiguration section */

/* Begin XCConfigurationList section */
		FEED0000000000000000000E /* Build configuration list for PBXProject "ShowUpWelcome" */ = {
			isa = XCConfigurationList;
			buildConfigurations = (
				FEED00000000000000000010 /* Debug */,
				FEED00000000000000000011 /* Release */,
			);
			defaultConfigurationIsVisible = 0;
			defaultConfigurationName = Release;
		};
		FEED0000000000000000000F /* Build configuration list for PBXNativeTarget "ShowUpWelcome" */ = {
			isa = XCConfigurationList;
			buildConfigurations = (
				FEED00000000000000000012 /* Debug */,
				FEED00000000000000000013 /* Release */,
			);
			defaultConfigurationIsVisible = 0;
			defaultConfigurationName = Release;
		};
		FEED000000000000000000DE /* Build configuration list for PBXNativeTarget "ShowUpWelcomeTests" */ = {
			isa = XCConfigurationList;
			buildConfigurations = (
				FEED000000000000000000DF /* Debug */,
				FEED000000000000000000E0 /* Release */,
			);
			defaultConfigurationIsVisible = 0;
			defaultConfigurationName = Release;
		};
/* End XCConfigurationList section */

/* Begin XCRemoteSwiftPackageReference section */
		FEED000000000000000000E3 /* XCRemoteSwiftPackageReference "PhoneNumberKit" */ = {
			isa = XCRemoteSwiftPackageReference;
			repositoryURL = "https://github.com/PhoneNumberKit/PhoneNumberKit.git";
			requirement = {
				kind = upToNextMajorVersion;
				minimumVersion = 5.0.8;
			};
		};
		FEED000000000000000000ED /* XCRemoteSwiftPackageReference "sentry-cocoa" */ = {
			isa = XCRemoteSwiftPackageReference;
			repositoryURL = "https://github.com/getsentry/sentry-cocoa.git";
			requirement = {
				kind = upToNextMajorVersion;
				minimumVersion = 8.44.0;
			};
		};
		FEED000000000000000000F2 /* XCRemoteSwiftPackageReference "swift-openapi-runtime" */ = {
			isa = XCRemoteSwiftPackageReference;
			repositoryURL = "https://github.com/apple/swift-openapi-runtime";
			requirement = {
				kind = upToNextMajorVersion;
				minimumVersion = 1.5.0;
			};
		};
		FEED000000000000000000F5 /* XCRemoteSwiftPackageReference "swift-openapi-urlsession" */ = {
			isa = XCRemoteSwiftPackageReference;
			repositoryURL = "https://github.com/apple/swift-openapi-urlsession";
			requirement = {
				kind = upToNextMajorVersion;
				minimumVersion = 1.0.2;
			};
		};
		FEED000000000000000000F8 /* XCRemoteSwiftPackageReference "swift-http-types" */ = {
			isa = XCRemoteSwiftPackageReference;
			repositoryURL = "https://github.com/apple/swift-http-types";
			requirement = {
				kind = upToNextMajorVersion;
				minimumVersion = 1.3.0;
			};
		};
/* End XCRemoteSwiftPackageReference section */

/* Begin XCLocalSwiftPackageReference section */
		FEED000000000000000000E8 /* XCLocalSwiftPackageReference "ShowUpAPI" */ = {
			isa = XCLocalSwiftPackageReference;
			relativePath = ShowUpAPI;
		};
/* End XCLocalSwiftPackageReference section */

/* Begin XCSwiftPackageProductDependency section */
		FEED000000000000000000E4 /* PhoneNumberKit */ = {
			isa = XCSwiftPackageProductDependency;
			package = FEED000000000000000000E3 /* XCRemoteSwiftPackageReference "PhoneNumberKit" */;
			productName = PhoneNumberKit;
		};
		FEED000000000000000000E9 /* ShowUpAPI */ = {
			isa = XCSwiftPackageProductDependency;
			productName = ShowUpAPI;
		};
		FEED000000000000000000EE /* Sentry */ = {
			isa = XCSwiftPackageProductDependency;
			package = FEED000000000000000000ED /* XCRemoteSwiftPackageReference "sentry-cocoa" */;
			productName = Sentry;
		};
		FEED000000000000000000F3 /* OpenAPIRuntime */ = {
			isa = XCSwiftPackageProductDependency;
			package = FEED000000000000000000F2 /* XCRemoteSwiftPackageReference "swift-openapi-runtime" */;
			productName = OpenAPIRuntime;
		};
		FEED000000000000000000F6 /* OpenAPIURLSession */ = {
			isa = XCSwiftPackageProductDependency;
			package = FEED000000000000000000F5 /* XCRemoteSwiftPackageReference "swift-openapi-urlsession" */;
			productName = OpenAPIURLSession;
		};
		FEED000000000000000000F9 /* HTTPTypes */ = {
			isa = XCSwiftPackageProductDependency;
			package = FEED000000000000000000F8 /* XCRemoteSwiftPackageReference "swift-http-types" */;
			productName = HTTPTypes;
		};
		FEED000000000000000000E6 /* PhoneNumberKit */ = {
			isa = XCSwiftPackageProductDependency;
			package = FEED000000000000000000E3 /* XCRemoteSwiftPackageReference "PhoneNumberKit" */;
			productName = PhoneNumberKit;
		};
		FEED000000000000000000EB /* ShowUpAPI */ = {
			isa = XCSwiftPackageProductDependency;
			productName = ShowUpAPI;
		};
		FEED000000000000000000F0 /* Sentry */ = {
			isa = XCSwiftPackageProductDependency;
			package = FEED000000000000000000ED /* XCRemoteSwiftPackageReference "sentry-cocoa" */;
			productName = Sentry;
		};
		FEED000000000000000000FB /* OpenAPIRuntime */ = {
			isa = XCSwiftPackageProductDependency;
			package = FEED000000000000000000F2 /* XCRemoteSwiftPackageReference "swift-openapi-runtime" */;
			productName = OpenAPIRuntime;
		};
		FEED000000000000000000FD /* OpenAPIURLSession */ = {
			isa = XCSwiftPackageProductDependency;
			package = FEED000000000000000000F5 /* XCRemoteSwiftPackageReference "swift-openapi-urlsession" */;
			productName = OpenAPIURLSession;
		};
		FEED000000000000000000FF /* HTTPTypes */ = {
			isa = XCSwiftPackageProductDependency;
			package = FEED000000000000000000F8 /* XCRemoteSwiftPackageReference "swift-http-types" */;
			productName = HTTPTypes;
		};
/* End XCSwiftPackageProductDependency section */
	};
	rootObject = FEED00000000000000000001 /* Project object */;
}
