// !$*UTF8*$!
{
	archiveVersion = 1;
	classes = {
	};
	objectVersion = 56;
	objects = {

/* Begin PBXBuildFile section */
		FEED00000000000000000036 /* ShowUpWelcomeApp.swift in Sources */ = {isa = PBXBuildFile; fileRef = FEED00000000000000000017 /* ShowUpWelcomeApp.swift */; };
		FEED00000000000000000037 /* APIAccess.swift in Sources */ = {isa = PBXBuildFile; fileRef = FEED00000000000000000018 /* APIAccess.swift */; };
		FEED00000000000000000038 /* AuthMethodList.swift in Sources */ = {isa = PBXBuildFile; fileRef = FEED00000000000000000019 /* AuthMethodList.swift */; };
		FEED00000000000000000039 /* ComponentSizes.swift in Sources */ = {isa = PBXBuildFile; fileRef = FEED0000000000000000001A /* ComponentSizes.swift */; };
		FEED0000000000000000003A /* ConnectAccountView.swift in Sources */ = {isa = PBXBuildFile; fileRef = FEED0000000000000000001B /* ConnectAccountView.swift */; };
		FEED0000000000000000003B /* CountryCodes.swift in Sources */ = {isa = PBXBuildFile; fileRef = FEED0000000000000000001C /* CountryCodes.swift */; };
		FEED0000000000000000003C /* CountryPicker.swift in Sources */ = {isa = PBXBuildFile; fileRef = FEED0000000000000000001D /* CountryPicker.swift */; };
		FEED0000000000000000003D /* Crashes.swift in Sources */ = {isa = PBXBuildFile; fileRef = FEED0000000000000000001E /* Crashes.swift */; };
		FEED0000000000000000003E /* DesignSystem.swift in Sources */ = {isa = PBXBuildFile; fileRef = FEED0000000000000000001F /* DesignSystem.swift */; };
		FEED0000000000000000003F /* HomePlaceholderView.swift in Sources */ = {isa = PBXBuildFile; fileRef = FEED00000000000000000020 /* HomePlaceholderView.swift */; };
		FEED00000000000000000040 /* IconSizes.swift in Sources */ = {isa = PBXBuildFile; fileRef = FEED00000000000000000021 /* IconSizes.swift */; };
		FEED00000000000000000041 /* MatchMeansMeetView.swift in Sources */ = {isa = PBXBuildFile; fileRef = FEED00000000000000000022 /* MatchMeansMeetView.swift */; };
		FEED00000000000000000042 /* MatchOnAvailabilityView.swift in Sources */ = {isa = PBXBuildFile; fileRef = FEED00000000000000000023 /* MatchOnAvailabilityView.swift */; };
		FEED00000000000000000043 /* MeetInRealLifeView.swift in Sources */ = {isa = PBXBuildFile; fileRef = FEED00000000000000000024 /* MeetInRealLifeView.swift */; };
		FEED00000000000000000044 /* Motion.swift in Sources */ = {isa = PBXBuildFile; fileRef = FEED00000000000000000025 /* Motion.swift */; };
		FEED00000000000000000045 /* PhoneNumberField.swift in Sources */ = {isa = PBXBuildFile; fileRef = FEED00000000000000000026 /* PhoneNumberField.swift */; };
		FEED00000000000000000046 /* PhoneVerificationView.swift in Sources */ = {isa = PBXBuildFile; fileRef = FEED00000000000000000027 /* PhoneVerificationView.swift */; };
		FEED00000000000000000047 /* ProhibitedFields.swift in Sources */ = {isa = PBXBuildFile; fileRef = FEED00000000000000000028 /* ProhibitedFields.swift */; };
		FEED00000000000000000048 /* Radius.swift in Sources */ = {isa = PBXBuildFile; fileRef = FEED00000000000000000029 /* Radius.swift */; };
		FEED00000000000000000049 /* ShowUpEveryTimeView.swift in Sources */ = {isa = PBXBuildFile; fileRef = FEED0000000000000000002A /* ShowUpEveryTimeView.swift */; };
		FEED0000000000000000004A /* SignUpAnalytics.swift in Sources */ = {isa = PBXBuildFile; fileRef = FEED0000000000000000002B /* SignUpAnalytics.swift */; };
		FEED0000000000000000004B /* SignUpFlow.swift in Sources */ = {isa = PBXBuildFile; fileRef = FEED0000000000000000002C /* SignUpFlow.swift */; };
		FEED0000000000000000004C /* Spacing.swift in Sources */ = {isa = PBXBuildFile; fileRef = FEED0000000000000000002D /* Spacing.swift */; };
		FEED0000000000000000004D /* StartupView.swift in Sources */ = {isa = PBXBuildFile; fileRef = FEED0000000000000000002E /* StartupView.swift */; };
		FEED0000000000000000004E /* ThirtyMinutesView.swift in Sources */ = {isa = PBXBuildFile; fileRef = FEED0000000000000000002F /* ThirtyMinutesView.swift */; };
		FEED0000000000000000004F /* TutorialAnalytics.swift in Sources */ = {isa = PBXBuildFile; fileRef = FEED00000000000000000030 /* TutorialAnalytics.swift */; };
		FEED00000000000000000050 /* TutorialRouting.swift in Sources */ = {isa = PBXBuildFile; fileRef = FEED00000000000000000031 /* TutorialRouting.swift */; };
		FEED00000000000000000051 /* TutorialShell.swift in Sources */ = {isa = PBXBuildFile; fileRef = FEED00000000000000000032 /* TutorialShell.swift */; };
		FEED00000000000000000052 /* WelcomeBackView.swift in Sources */ = {isa = PBXBuildFile; fileRef = FEED00000000000000000033 /* WelcomeBackView.swift */; };
		FEED00000000000000000053 /* WelcomeShell.swift in Sources */ = {isa = PBXBuildFile; fileRef = FEED00000000000000000034 /* WelcomeShell.swift */; };
		FEED00000000000000000054 /* WelcomeView.swift in Sources */ = {isa = PBXBuildFile; fileRef = FEED00000000000000000035 /* WelcomeView.swift */; };
		FEED00000000000000000014 /* Assets.xcassets in Resources */ = {isa = PBXBuildFile; fileRef = FEED0000000000000000000A /* Assets.xcassets */; };
		FEED0000000000000000005D /* Lora-Bold.ttf in Resources */ = {isa = PBXBuildFile; fileRef = FEED00000000000000000055 /* Lora-Bold.ttf */; };
		FEED0000000000000000005E /* Lora-BoldItalic.ttf in Resources */ = {isa = PBXBuildFile; fileRef = FEED00000000000000000056 /* Lora-BoldItalic.ttf */; };
		FEED0000000000000000005F /* Lora-Italic.ttf in Resources */ = {isa = PBXBuildFile; fileRef = FEED00000000000000000057 /* Lora-Italic.ttf */; };
		FEED00000000000000000060 /* Lora-MediumItalic.ttf in Resources */ = {isa = PBXBuildFile; fileRef = FEED00000000000000000058 /* Lora-MediumItalic.ttf */; };
		FEED00000000000000000061 /* Lora-Regular.ttf in Resources */ = {isa = PBXBuildFile; fileRef = FEED00000000000000000059 /* Lora-Regular.ttf */; };
		FEED00000000000000000062 /* Manrope-Bold.ttf in Resources */ = {isa = PBXBuildFile; fileRef = FEED0000000000000000005A /* Manrope-Bold.ttf */; };
		FEED00000000000000000063 /* Manrope-Medium.ttf in Resources */ = {isa = PBXBuildFile; fileRef = FEED0000000000000000005B /* Manrope-Medium.ttf */; };
		FEED00000000000000000064 /* Manrope-SemiBold.ttf in Resources */ = {isa = PBXBuildFile; fileRef = FEED0000000000000000005C /* Manrope-SemiBold.ttf */; };
		FEED00000000000000000016 /* Flags in Resources */ = {isa = PBXBuildFile; fileRef = FEED00000000000000000015 /* Flags */; };
		FEED00000000000000000092 /* APIAccessTests.swift in Sources */ = {isa = PBXBuildFile; fileRef = FEED0000000000000000008D /* APIAccessTests.swift */; };
		FEED00000000000000000093 /* CrashesTests.swift in Sources */ = {isa = PBXBuildFile; fileRef = FEED0000000000000000008E /* CrashesTests.swift */; };
		FEED00000000000000000094 /* PhoneValidationTests.swift in Sources */ = {isa = PBXBuildFile; fileRef = FEED0000000000000000008F /* PhoneValidationTests.swift */; };
		FEED00000000000000000095 /* ScreenFitTests.swift in Sources */ = {isa = PBXBuildFile; fileRef = FEED00000000000000000090 /* ScreenFitTests.swift */; };
		FEED00000000000000000096 /* TutorialRoutingTests.swift in Sources */ = {isa = PBXBuildFile; fileRef = FEED00000000000000000091 /* TutorialRoutingTests.swift */; };
		FEED00000000000000000071 /* PhoneNumberKit in Frameworks */ = {isa = PBXBuildFile; productRef = FEED00000000000000000070 /* PhoneNumberKit */; };
		FEED00000000000000000076 /* ShowUpAPI in Frameworks */ = {isa = PBXBuildFile; productRef = FEED00000000000000000075 /* ShowUpAPI */; };
		FEED0000000000000000007B /* Sentry in Frameworks */ = {isa = PBXBuildFile; productRef = FEED0000000000000000007A /* Sentry */; };
		FEED00000000000000000080 /* OpenAPIRuntime in Frameworks */ = {isa = PBXBuildFile; productRef = FEED0000000000000000007F /* OpenAPIRuntime */; };
		FEED00000000000000000083 /* OpenAPIURLSession in Frameworks */ = {isa = PBXBuildFile; productRef = FEED00000000000000000082 /* OpenAPIURLSession */; };
		FEED00000000000000000086 /* HTTPTypes in Frameworks */ = {isa = PBXBuildFile; productRef = FEED00000000000000000085 /* HTTPTypes */; };
		FEED00000000000000000073 /* PhoneNumberKit in Frameworks */ = {isa = PBXBuildFile; productRef = FEED00000000000000000072 /* PhoneNumberKit */; };
		FEED00000000000000000078 /* ShowUpAPI in Frameworks */ = {isa = PBXBuildFile; productRef = FEED00000000000000000077 /* ShowUpAPI */; };
		FEED0000000000000000007D /* Sentry in Frameworks */ = {isa = PBXBuildFile; productRef = FEED0000000000000000007C /* Sentry */; };
		FEED00000000000000000088 /* OpenAPIRuntime in Frameworks */ = {isa = PBXBuildFile; productRef = FEED00000000000000000087 /* OpenAPIRuntime */; };
		FEED0000000000000000008A /* OpenAPIURLSession in Frameworks */ = {isa = PBXBuildFile; productRef = FEED00000000000000000089 /* OpenAPIURLSession */; };
		FEED0000000000000000008C /* HTTPTypes in Frameworks */ = {isa = PBXBuildFile; productRef = FEED0000000000000000008B /* HTTPTypes */; };
/* End PBXBuildFile section */

/* Begin PBXFileReference section */
		FEED00000000000000000008 /* ShowUpWelcome.app */ = {isa = PBXFileReference; explicitFileType = wrapper.application; includeInIndex = 0; path = ShowUpWelcome.app; sourceTree = BUILT_PRODUCTS_DIR; };
		FEED00000000000000000017 /* ShowUpWelcomeApp.swift */ = {isa = PBXFileReference; lastKnownFileType = sourcecode.swift; path = ShowUpWelcomeApp.swift; sourceTree = "<group>"; };
		FEED00000000000000000018 /* APIAccess.swift */ = {isa = PBXFileReference; lastKnownFileType = sourcecode.swift; path = APIAccess.swift; sourceTree = "<group>"; };
		FEED00000000000000000019 /* AuthMethodList.swift */ = {isa = PBXFileReference; lastKnownFileType = sourcecode.swift; path = AuthMethodList.swift; sourceTree = "<group>"; };
		FEED0000000000000000001A /* ComponentSizes.swift */ = {isa = PBXFileReference; lastKnownFileType = sourcecode.swift; path = ComponentSizes.swift; sourceTree = "<group>"; };
		FEED0000000000000000001B /* ConnectAccountView.swift */ = {isa = PBXFileReference; lastKnownFileType = sourcecode.swift; path = ConnectAccountView.swift; sourceTree = "<group>"; };
		FEED0000000000000000001C /* CountryCodes.swift */ = {isa = PBXFileReference; lastKnownFileType = sourcecode.swift; path = CountryCodes.swift; sourceTree = "<group>"; };
		FEED0000000000000000001D /* CountryPicker.swift */ = {isa = PBXFileReference; lastKnownFileType = sourcecode.swift; path = CountryPicker.swift; sourceTree = "<group>"; };
		FEED0000000000000000001E /* Crashes.swift */ = {isa = PBXFileReference; lastKnownFileType = sourcecode.swift; path = Crashes.swift; sourceTree = "<group>"; };
		FEED0000000000000000001F /* DesignSystem.swift */ = {isa = PBXFileReference; lastKnownFileType = sourcecode.swift; path = DesignSystem.swift; sourceTree = "<group>"; };
		FEED00000000000000000020 /* HomePlaceholderView.swift */ = {isa = PBXFileReference; lastKnownFileType = sourcecode.swift; path = HomePlaceholderView.swift; sourceTree = "<group>"; };
		FEED00000000000000000021 /* IconSizes.swift */ = {isa = PBXFileReference; lastKnownFileType = sourcecode.swift; path = IconSizes.swift; sourceTree = "<group>"; };
		FEED00000000000000000022 /* MatchMeansMeetView.swift */ = {isa = PBXFileReference; lastKnownFileType = sourcecode.swift; path = MatchMeansMeetView.swift; sourceTree = "<group>"; };
		FEED00000000000000000023 /* MatchOnAvailabilityView.swift */ = {isa = PBXFileReference; lastKnownFileType = sourcecode.swift; path = MatchOnAvailabilityView.swift; sourceTree = "<group>"; };
		FEED00000000000000000024 /* MeetInRealLifeView.swift */ = {isa = PBXFileReference; lastKnownFileType = sourcecode.swift; path = MeetInRealLifeView.swift; sourceTree = "<group>"; };
		FEED00000000000000000025 /* Motion.swift */ = {isa = PBXFileReference; lastKnownFileType = sourcecode.swift; path = Motion.swift; sourceTree = "<group>"; };
		FEED00000000000000000026 /* PhoneNumberField.swift */ = {isa = PBXFileReference; lastKnownFileType = sourcecode.swift; path = PhoneNumberField.swift; sourceTree = "<group>"; };
		FEED00000000000000000027 /* PhoneVerificationView.swift */ = {isa = PBXFileReference; lastKnownFileType = sourcecode.swift; path = PhoneVerificationView.swift; sourceTree = "<group>"; };
		FEED00000000000000000028 /* ProhibitedFields.swift */ = {isa = PBXFileReference; lastKnownFileType = sourcecode.swift; path = ProhibitedFields.swift; sourceTree = "<group>"; };
		FEED00000000000000000029 /* Radius.swift */ = {isa = PBXFileReference; lastKnownFileType = sourcecode.swift; path = Radius.swift; sourceTree = "<group>"; };
		FEED0000000000000000002A /* ShowUpEveryTimeView.swift */ = {isa = PBXFileReference; lastKnownFileType = sourcecode.swift; path = ShowUpEveryTimeView.swift; sourceTree = "<group>"; };
		FEED0000000000000000002B /* SignUpAnalytics.swift */ = {isa = PBXFileReference; lastKnownFileType = sourcecode.swift; path = SignUpAnalytics.swift; sourceTree = "<group>"; };
		FEED0000000000000000002C /* SignUpFlow.swift */ = {isa = PBXFileReference; lastKnownFileType = sourcecode.swift; path = SignUpFlow.swift; sourceTree = "<group>"; };
		FEED0000000000000000002D /* Spacing.swift */ = {isa = PBXFileReference; lastKnownFileType = sourcecode.swift; path = Spacing.swift; sourceTree = "<group>"; };
		FEED0000000000000000002E /* StartupView.swift */ = {isa = PBXFileReference; lastKnownFileType = sourcecode.swift; path = StartupView.swift; sourceTree = "<group>"; };
		FEED0000000000000000002F /* ThirtyMinutesView.swift */ = {isa = PBXFileReference; lastKnownFileType = sourcecode.swift; path = ThirtyMinutesView.swift; sourceTree = "<group>"; };
		FEED00000000000000000030 /* TutorialAnalytics.swift */ = {isa = PBXFileReference; lastKnownFileType = sourcecode.swift; path = TutorialAnalytics.swift; sourceTree = "<group>"; };
		FEED00000000000000000031 /* TutorialRouting.swift */ = {isa = PBXFileReference; lastKnownFileType = sourcecode.swift; path = TutorialRouting.swift; sourceTree = "<group>"; };
		FEED00000000000000000032 /* TutorialShell.swift */ = {isa = PBXFileReference; lastKnownFileType = sourcecode.swift; path = TutorialShell.swift; sourceTree = "<group>"; };
		FEED00000000000000000033 /* WelcomeBackView.swift */ = {isa = PBXFileReference; lastKnownFileType = sourcecode.swift; path = WelcomeBackView.swift; sourceTree = "<group>"; };
		FEED00000000000000000034 /* WelcomeShell.swift */ = {isa = PBXFileReference; lastKnownFileType = sourcecode.swift; path = WelcomeShell.swift; sourceTree = "<group>"; };
		FEED00000000000000000035 /* WelcomeView.swift */ = {isa = PBXFileReference; lastKnownFileType = sourcecode.swift; path = WelcomeView.swift; sourceTree = "<group>"; };
		FEED00000000000000000009 /* Info.plist */ = {isa = PBXFileReference; lastKnownFileType = text.plist.xml; path = Info.plist; sourceTree = "<group>"; };
		FEED0000000000000000000A /* Assets.xcassets */ = {isa = PBXFileReference; lastKnownFileType = folder.assetcatalog; path = Assets.xcassets; sourceTree = "<group>"; };
		FEED00000000000000000015 /* Flags */ = {isa = PBXFileReference; lastKnownFileType = folder; path = Flags; sourceTree = "<group>"; };
		FEED00000000000000000055 /* Lora-Bold.ttf */ = {isa = PBXFileReference; lastKnownFileType = file; path = Lora-Bold.ttf; sourceTree = "<group>"; };
		FEED00000000000000000056 /* Lora-BoldItalic.ttf */ = {isa = PBXFileReference; lastKnownFileType = file; path = Lora-BoldItalic.ttf; sourceTree = "<group>"; };
		FEED00000000000000000057 /* Lora-Italic.ttf */ = {isa = PBXFileReference; lastKnownFileType = file; path = Lora-Italic.ttf; sourceTree = "<group>"; };
		FEED00000000000000000058 /* Lora-MediumItalic.ttf */ = {isa = PBXFileReference; lastKnownFileType = file; path = Lora-MediumItalic.ttf; sourceTree = "<group>"; };
		FEED00000000000000000059 /* Lora-Regular.ttf */ = {isa = PBXFileReference; lastKnownFileType = file; path = Lora-Regular.ttf; sourceTree = "<group>"; };
		FEED0000000000000000005A /* Manrope-Bold.ttf */ = {isa = PBXFileReference; lastKnownFileType = file; path = Manrope-Bold.ttf; sourceTree = "<group>"; };
		FEED0000000000000000005B /* Manrope-Medium.ttf */ = {isa = PBXFileReference; lastKnownFileType = file; path = Manrope-Medium.ttf; sourceTree = "<group>"; };
		FEED0000000000000000005C /* Manrope-SemiBold.ttf */ = {isa = PBXFileReference; lastKnownFileType = file; path = Manrope-SemiBold.ttf; sourceTree = "<group>"; };
		FEED0000000000000000008D /* APIAccessTests.swift */ = {isa = PBXFileReference; lastKnownFileType = sourcecode.swift; path = APIAccessTests.swift; sourceTree = "<group>"; };
		FEED0000000000000000008E /* CrashesTests.swift */ = {isa = PBXFileReference; lastKnownFileType = sourcecode.swift; path = CrashesTests.swift; sourceTree = "<group>"; };
		FEED0000000000000000008F /* PhoneValidationTests.swift */ = {isa = PBXFileReference; lastKnownFileType = sourcecode.swift; path = PhoneValidationTests.swift; sourceTree = "<group>"; };
		FEED00000000000000000090 /* ScreenFitTests.swift */ = {isa = PBXFileReference; lastKnownFileType = sourcecode.swift; path = ScreenFitTests.swift; sourceTree = "<group>"; };
		FEED00000000000000000091 /* TutorialRoutingTests.swift */ = {isa = PBXFileReference; lastKnownFileType = sourcecode.swift; path = TutorialRoutingTests.swift; sourceTree = "<group>"; };
		FEED00000000000000000066 /* ShowUpWelcomeTests.xctest */ = {isa = PBXFileReference; explicitFileType = wrapper.cfbundle; includeInIndex = 0; path = ShowUpWelcomeTests.xctest; sourceTree = BUILT_PRODUCTS_DIR; };
/* End PBXFileReference section */

/* Begin PBXFrameworksBuildPhase section */
		FEED0000000000000000000C /* Frameworks */ = {
			isa = PBXFrameworksBuildPhase;
			buildActionMask = 2147483647;
			files = (
				FEED00000000000000000071 /* PhoneNumberKit in Frameworks */,
				FEED00000000000000000076 /* ShowUpAPI in Frameworks */,
				FEED0000000000000000007B /* Sentry in Frameworks */,
				FEED00000000000000000080 /* OpenAPIRuntime in Frameworks */,
				FEED00000000000000000083 /* OpenAPIURLSession in Frameworks */,
				FEED00000000000000000086 /* HTTPTypes in Frameworks */,
			);
			runOnlyForDeploymentPostprocessing = 0;
		};
		FEED00000000000000000068 /* Frameworks */ = {
			isa = PBXFrameworksBuildPhase;
			buildActionMask = 2147483647;
			files = (
				FEED00000000000000000073 /* PhoneNumberKit in Frameworks */,
				FEED00000000000000000078 /* ShowUpAPI in Frameworks */,
				FEED0000000000000000007D /* Sentry in Frameworks */,
				FEED00000000000000000088 /* OpenAPIRuntime in Frameworks */,
				FEED0000000000000000008A /* OpenAPIURLSession in Frameworks */,
				FEED0000000000000000008C /* HTTPTypes in Frameworks */,
			);
			runOnlyForDeploymentPostprocessing = 0;
		};
/* End PBXFrameworksBuildPhase section */

/* Begin PBXGroup section */
		FEED00000000000000000004 = {
			isa = PBXGroup;
			children = (
				FEED00000000000000000005 /* ShowUpWelcome */,
				FEED00000000000000000065 /* ShowUpWelcomeTests */,
				FEED00000000000000000007 /* Products */,
			);
			sourceTree = "<group>";
		};
		FEED00000000000000000005 /* ShowUpWelcome */ = {
			isa = PBXGroup;
			children = (
				FEED00000000000000000017 /* ShowUpWelcomeApp.swift */,
				FEED00000000000000000018 /* APIAccess.swift */,
				FEED00000000000000000019 /* AuthMethodList.swift */,
				FEED0000000000000000001A /* ComponentSizes.swift */,
				FEED0000000000000000001B /* ConnectAccountView.swift */,
				FEED0000000000000000001C /* CountryCodes.swift */,
				FEED0000000000000000001D /* CountryPicker.swift */,
				FEED0000000000000000001E /* Crashes.swift */,
				FEED0000000000000000001F /* DesignSystem.swift */,
				FEED00000000000000000020 /* HomePlaceholderView.swift */,
				FEED00000000000000000021 /* IconSizes.swift */,
				FEED00000000000000000022 /* MatchMeansMeetView.swift */,
				FEED00000000000000000023 /* MatchOnAvailabilityView.swift */,
				FEED00000000000000000024 /* MeetInRealLifeView.swift */,
				FEED00000000000000000025 /* Motion.swift */,
				FEED00000000000000000026 /* PhoneNumberField.swift */,
				FEED00000000000000000027 /* PhoneVerificationView.swift */,
				FEED00000000000000000028 /* ProhibitedFields.swift */,
				FEED00000000000000000029 /* Radius.swift */,
				FEED0000000000000000002A /* ShowUpEveryTimeView.swift */,
				FEED0000000000000000002B /* SignUpAnalytics.swift */,
				FEED0000000000000000002C /* SignUpFlow.swift */,
				FEED0000000000000000002D /* Spacing.swift */,
				FEED0000000000000000002E /* StartupView.swift */,
				FEED0000000000000000002F /* ThirtyMinutesView.swift */,
				FEED00000000000000000030 /* TutorialAnalytics.swift */,
				FEED00000000000000000031 /* TutorialRouting.swift */,
				FEED00000000000000000032 /* TutorialShell.swift */,
				FEED00000000000000000033 /* WelcomeBackView.swift */,
				FEED00000000000000000034 /* WelcomeShell.swift */,
				FEED00000000000000000035 /* WelcomeView.swift */,
				FEED0000000000000000000A /* Assets.xcassets */,
				FEED00000000000000000015 /* Flags */,
				FEED00000000000000000006 /* Fonts */,
				FEED00000000000000000009 /* Info.plist */,
			);
			path = ShowUpWelcome;
			sourceTree = "<group>";
		};
		FEED00000000000000000006 /* Fonts */ = {
			isa = PBXGroup;
			children = (
				FEED00000000000000000055 /* Lora-Bold.ttf */,
				FEED00000000000000000056 /* Lora-BoldItalic.ttf */,
				FEED00000000000000000057 /* Lora-Italic.ttf */,
				FEED00000000000000000058 /* Lora-MediumItalic.ttf */,
				FEED00000000000000000059 /* Lora-Regular.ttf */,
				FEED0000000000000000005A /* Manrope-Bold.ttf */,
				FEED0000000000000000005B /* Manrope-Medium.ttf */,
				FEED0000000000000000005C /* Manrope-SemiBold.ttf */,
			);
			path = Fonts;
			sourceTree = "<group>";
		};
		FEED00000000000000000065 /* ShowUpWelcomeTests */ = {
			isa = PBXGroup;
			children = (
				FEED0000000000000000008D /* APIAccessTests.swift */,
				FEED0000000000000000008E /* CrashesTests.swift */,
				FEED0000000000000000008F /* PhoneValidationTests.swift */,
				FEED00000000000000000090 /* ScreenFitTests.swift */,
				FEED00000000000000000091 /* TutorialRoutingTests.swift */,
			);
			path = ShowUpWelcomeTests;
			sourceTree = "<group>";
		};
		FEED00000000000000000007 /* Products */ = {
			isa = PBXGroup;
			children = (
				FEED00000000000000000008 /* ShowUpWelcome.app */,
				FEED00000000000000000066 /* ShowUpWelcomeTests.xctest */,
			);
			name = Products;
			sourceTree = "<group>";
		};
/* End PBXGroup section */

/* Begin PBXNativeTarget section */
		FEED00000000000000000002 /* ShowUpWelcome */ = {
			isa = PBXNativeTarget;
			buildConfigurationList = FEED0000000000000000000F /* Build configuration list for PBXNativeTarget "ShowUpWelcome" */;
			buildPhases = (
				FEED0000000000000000000B /* Sources */,
				FEED0000000000000000000C /* Frameworks */,
				FEED0000000000000000000D /* Resources */,
			);
			buildRules = (
			);
			dependencies = (
			);
			name = ShowUpWelcome;
			productName = ShowUpWelcome;
			packageProductDependencies = (
				FEED00000000000000000070 /* PhoneNumberKit */,
				FEED00000000000000000075 /* ShowUpAPI */,
				FEED0000000000000000007A /* Sentry */,
				FEED0000000000000000007F /* OpenAPIRuntime */,
				FEED00000000000000000082 /* OpenAPIURLSession */,
				FEED00000000000000000085 /* HTTPTypes */,
			);
			productReference = FEED00000000000000000008 /* ShowUpWelcome.app */;
			productType = "com.apple.product-type.application";
		};
		FEED00000000000000000003 /* ShowUpWelcomeTests */ = {
			isa = PBXNativeTarget;
			buildConfigurationList = FEED0000000000000000006A /* Build configuration list for PBXNativeTarget "ShowUpWelcomeTests" */;
			buildPhases = (
				FEED00000000000000000067 /* Sources */,
				FEED00000000000000000068 /* Frameworks */,
				FEED00000000000000000069 /* Resources */,
			);
			buildRules = (
			);
			dependencies = (
				FEED0000000000000000006E /* PBXTargetDependency */,
			);
			name = ShowUpWelcomeTests;
			productName = ShowUpWelcomeTests;
			packageProductDependencies = (
				FEED00000000000000000072 /* PhoneNumberKit */,
				FEED00000000000000000077 /* ShowUpAPI */,
				FEED0000000000000000007C /* Sentry */,
				FEED00000000000000000087 /* OpenAPIRuntime */,
				FEED00000000000000000089 /* OpenAPIURLSession */,
				FEED0000000000000000008B /* HTTPTypes */,
			);
			productReference = FEED00000000000000000066 /* ShowUpWelcomeTests.xctest */;
			productType = "com.apple.product-type.bundle.unit-test";
		};
/* End PBXNativeTarget section */

/* Begin PBXContainerItemProxy section */
		FEED0000000000000000006D /* PBXContainerItemProxy */ = {
			isa = PBXContainerItemProxy;
			containerPortal = FEED00000000000000000001 /* Project object */;
			proxyType = 1;
			remoteGlobalIDString = FEED00000000000000000002;
			remoteInfo = ShowUpWelcome;
		};
/* End PBXContainerItemProxy section */

/* Begin PBXTargetDependency section */
		FEED0000000000000000006E /* PBXTargetDependency */ = {
			isa = PBXTargetDependency;
			target = FEED00000000000000000002 /* ShowUpWelcome */;
			targetProxy = FEED0000000000000000006D /* PBXContainerItemProxy */;
		};
/* End PBXTargetDependency section */

/* Begin PBXProject section */
		FEED00000000000000000001 /* Project object */ = {
			isa = PBXProject;
			attributes = {
				BuildIndependentTargetsInParallel = 1;
				LastSwiftUpdateCheck = 1500;
				LastUpgradeCheck = 1500;
				TargetAttributes = {
					FEED00000000000000000002 = {
						CreatedOnToolsVersion = 15.0;
					};
					FEED00000000000000000003 = {
						CreatedOnToolsVersion = 15.0;
						TestTargetID = FEED00000000000000000002;
					};
				};
			};
			buildConfigurationList = FEED0000000000000000000E /* Build configuration list for PBXProject "ShowUpWelcome" */;
			compatibilityVersion = "Xcode 14.0";
			developmentRegion = en;
			hasScannedForEncodings = 0;
			knownRegions = (
				en,
				Base,
			);
			mainGroup = FEED00000000000000000004;
			packageReferences = (
				FEED0000000000000000006F /* XCRemoteSwiftPackageReference "PhoneNumberKit" */,
				FEED00000000000000000074 /* XCLocalSwiftPackageReference "ShowUpAPI" */,
				FEED00000000000000000079 /* XCRemoteSwiftPackageReference "sentry-cocoa" */,
				FEED0000000000000000007E /* XCRemoteSwiftPackageReference "swift-openapi-runtime" */,
				FEED00000000000000000081 /* XCRemoteSwiftPackageReference "swift-openapi-urlsession" */,
				FEED00000000000000000084 /* XCRemoteSwiftPackageReference "swift-http-types" */,
			);
			productRefGroup = FEED00000000000000000007 /* Products */;
			projectDirPath = "";
			projectRoot = "";
			targets = (
				FEED00000000000000000002 /* ShowUpWelcome */,
				FEED00000000000000000003 /* ShowUpWelcomeTests */,
			);
		};
/* End PBXProject section */

/* Begin PBXResourcesBuildPhase section */
		FEED0000000000000000000D /* Resources */ = {
			isa = PBXResourcesBuildPhase;
			buildActionMask = 2147483647;
			files = (
				FEED00000000000000000014 /* Assets.xcassets in Resources */,
				FEED00000000000000000016 /* Flags in Resources */,
				FEED0000000000000000005D /* Lora-Bold.ttf in Resources */,
				FEED0000000000000000005E /* Lora-BoldItalic.ttf in Resources */,
				FEED0000000000000000005F /* Lora-Italic.ttf in Resources */,
				FEED00000000000000000060 /* Lora-MediumItalic.ttf in Resources */,
				FEED00000000000000000061 /* Lora-Regular.ttf in Resources */,
				FEED00000000000000000062 /* Manrope-Bold.ttf in Resources */,
				FEED00000000000000000063 /* Manrope-Medium.ttf in Resources */,
				FEED00000000000000000064 /* Manrope-SemiBold.ttf in Resources */,
			);
			runOnlyForDeploymentPostprocessing = 0;
		};
		FEED00000000000000000069 /* Resources */ = {
			isa = PBXResourcesBuildPhase;
			buildActionMask = 2147483647;
			files = (
			);
			runOnlyForDeploymentPostprocessing = 0;
		};
/* End PBXResourcesBuildPhase section */

/* Begin PBXSourcesBuildPhase section */
		FEED0000000000000000000B /* Sources */ = {
			isa = PBXSourcesBuildPhase;
			buildActionMask = 2147483647;
			files = (
				FEED00000000000000000036 /* ShowUpWelcomeApp.swift in Sources */,
				FEED00000000000000000037 /* APIAccess.swift in Sources */,
				FEED00000000000000000038 /* AuthMethodList.swift in Sources */,
				FEED00000000000000000039 /* ComponentSizes.swift in Sources */,
				FEED0000000000000000003A /* ConnectAccountView.swift in Sources */,
				FEED0000000000000000003B /* CountryCodes.swift in Sources */,
				FEED0000000000000000003C /* CountryPicker.swift in Sources */,
				FEED0000000000000000003D /* Crashes.swift in Sources */,
				FEED0000000000000000003E /* DesignSystem.swift in Sources */,
				FEED0000000000000000003F /* HomePlaceholderView.swift in Sources */,
				FEED00000000000000000040 /* IconSizes.swift in Sources */,
				FEED00000000000000000041 /* MatchMeansMeetView.swift in Sources */,
				FEED00000000000000000042 /* MatchOnAvailabilityView.swift in Sources */,
				FEED00000000000000000043 /* MeetInRealLifeView.swift in Sources */,
				FEED00000000000000000044 /* Motion.swift in Sources */,
				FEED00000000000000000045 /* PhoneNumberField.swift in Sources */,
				FEED00000000000000000046 /* PhoneVerificationView.swift in Sources */,
				FEED00000000000000000047 /* ProhibitedFields.swift in Sources */,
				FEED00000000000000000048 /* Radius.swift in Sources */,
				FEED00000000000000000049 /* ShowUpEveryTimeView.swift in Sources */,
				FEED0000000000000000004A /* SignUpAnalytics.swift in Sources */,
				FEED0000000000000000004B /* SignUpFlow.swift in Sources */,
				FEED0000000000000000004C /* Spacing.swift in Sources */,
				FEED0000000000000000004D /* StartupView.swift in Sources */,
				FEED0000000000000000004E /* ThirtyMinutesView.swift in Sources */,
				FEED0000000000000000004F /* TutorialAnalytics.swift in Sources */,
				FEED00000000000000000050 /* TutorialRouting.swift in Sources */,
				FEED00000000000000000051 /* TutorialShell.swift in Sources */,
				FEED00000000000000000052 /* WelcomeBackView.swift in Sources */,
				FEED00000000000000000053 /* WelcomeShell.swift in Sources */,
				FEED00000000000000000054 /* WelcomeView.swift in Sources */,
			);
			runOnlyForDeploymentPostprocessing = 0;
		};
		FEED00000000000000000067 /* Sources */ = {
			isa = PBXSourcesBuildPhase;
			buildActionMask = 2147483647;
			files = (
				FEED00000000000000000092 /* APIAccessTests.swift in Sources */,
				FEED00000000000000000093 /* CrashesTests.swift in Sources */,
				FEED00000000000000000094 /* PhoneValidationTests.swift in Sources */,
				FEED00000000000000000095 /* ScreenFitTests.swift in Sources */,
				FEED00000000000000000096 /* TutorialRoutingTests.swift in Sources */,
			);
			runOnlyForDeploymentPostprocessing = 0;
		};
/* End PBXSourcesBuildPhase section */

/* Begin XCBuildConfiguration section */
		FEED00000000000000000010 /* Debug */ = {
			isa = XCBuildConfiguration;
			buildSettings = {
				ALWAYS_SEARCH_USER_PATHS = NO;
				CLANG_ANALYZER_NONNULL = YES;
				CLANG_ENABLE_MODULES = YES;
				CLANG_ENABLE_OBJC_ARC = YES;
				CLANG_WARN_BOOL_CONVERSION = YES;
				CLANG_WARN_DOCUMENTATION_COMMENTS = YES;
				CLANG_WARN_EMPTY_BODY = YES;
				CLANG_WARN_UNREACHABLE_CODE = YES;
				COPY_PHASE_STRIP = NO;
				ENABLE_STRICT_OBJC_MSGSEND = YES;
				GCC_C_LANGUAGE_STANDARD = gnu17;
				GCC_NO_COMMON_BLOCKS = YES;
				GCC_WARN_UNUSED_VARIABLE = YES;
				IPHONEOS_DEPLOYMENT_TARGET = 17.0;
				SDKROOT = iphoneos;
				DEBUG_INFORMATION_FORMAT = dwarf;
				ENABLE_TESTABILITY = YES;
				GCC_OPTIMIZATION_LEVEL = 0;
				MTL_ENABLE_DEBUG_INFO = INCLUDE_SOURCE;
				ONLY_ACTIVE_ARCH = YES;
				SWIFT_ACTIVE_COMPILATION_CONDITIONS = "DEBUG $(inherited)";
				SWIFT_OPTIMIZATION_LEVEL = "-Onone";
			};
			name = Debug;
		};
		FEED00000000000000000011 /* Release */ = {
			isa = XCBuildConfiguration;
			buildSettings = {
				ALWAYS_SEARCH_USER_PATHS = NO;
				CLANG_ANALYZER_NONNULL = YES;
				CLANG_ENABLE_MODULES = YES;
				CLANG_ENABLE_OBJC_ARC = YES;
				CLANG_WARN_BOOL_CONVERSION = YES;
				CLANG_WARN_DOCUMENTATION_COMMENTS = YES;
				CLANG_WARN_EMPTY_BODY = YES;
				CLANG_WARN_UNREACHABLE_CODE = YES;
				COPY_PHASE_STRIP = NO;
				ENABLE_STRICT_OBJC_MSGSEND = YES;
				GCC_C_LANGUAGE_STANDARD = gnu17;
				GCC_NO_COMMON_BLOCKS = YES;
				GCC_WARN_UNUSED_VARIABLE = YES;
				IPHONEOS_DEPLOYMENT_TARGET = 17.0;
				SDKROOT = iphoneos;
				DEBUG_INFORMATION_FORMAT = "dwarf-with-dsym";
				ENABLE_NS_ASSERTIONS = NO;
				MTL_ENABLE_DEBUG_INFO = NO;
				SWIFT_COMPILATION_MODE = wholemodule;
				VALIDATE_PRODUCT = YES;
			};
			name = Release;
		};
		FEED00000000000000000012 /* Debug */ = {
			isa = XCBuildConfiguration;
			buildSettings = {
				ASSETCATALOG_COMPILER_APPICON_NAME = AppIcon;
				ASSETCATALOG_COMPILER_GLOBAL_ACCENT_COLOR_NAME = AccentColor;
				CODE_SIGN_STYLE = Automatic;
				CURRENT_PROJECT_VERSION = 1;
				ENABLE_PREVIEWS = YES;
				GENERATE_INFOPLIST_FILE = NO;
				INFOPLIST_FILE = ShowUpWelcome/Info.plist;
				LD_RUNPATH_SEARCH_PATHS = (
					"$(inherited)",
					"@executable_path/Frameworks",
				);
				MARKETING_VERSION = 0.1;
				PRODUCT_BUNDLE_IDENTIFIER = org.loveiq.showup.welcomepreview;
				PRODUCT_NAME = "$(TARGET_NAME)";
				SWIFT_EMIT_LOC_STRINGS = YES;
				SWIFT_STRICT_CONCURRENCY = complete;
				SWIFT_VERSION = 5.0;
				TARGETED_DEVICE_FAMILY = 1;
			};
			name = Debug;
		};
		FEED00000000000000000013 /* Release */ = {
			isa = XCBuildConfiguration;
			buildSettings = {
				ASSETCATALOG_COMPILER_APPICON_NAME = AppIcon;
				ASSETCATALOG_COMPILER_GLOBAL_ACCENT_COLOR_NAME = AccentColor;
				CODE_SIGN_STYLE = Automatic;
				CURRENT_PROJECT_VERSION = 1;
				ENABLE_PREVIEWS = YES;
				GENERATE_INFOPLIST_FILE = NO;
				INFOPLIST_FILE = ShowUpWelcome/Info.plist;
				LD_RUNPATH_SEARCH_PATHS = (
					"$(inherited)",
					"@executable_path/Frameworks",
				);
				MARKETING_VERSION = 0.1;
				PRODUCT_BUNDLE_IDENTIFIER = org.loveiq.showup.welcomepreview;
				PRODUCT_NAME = "$(TARGET_NAME)";
				SWIFT_EMIT_LOC_STRINGS = YES;
				SWIFT_STRICT_CONCURRENCY = complete;
				SWIFT_VERSION = 5.0;
				TARGETED_DEVICE_FAMILY = 1;
			};
			name = Release;
		};
		FEED0000000000000000006B /* Debug */ = {
			isa = XCBuildConfiguration;
			buildSettings = {
				BUNDLE_LOADER = "$(TEST_HOST)";
				CODE_SIGN_STYLE = Automatic;
				CURRENT_PROJECT_VERSION = 1;
				GENERATE_INFOPLIST_FILE = YES;
				MARKETING_VERSION = 0.1;
				PRODUCT_BUNDLE_IDENTIFIER = org.loveiq.showup.welcomepreview.tests;
				PRODUCT_NAME = "$(TARGET_NAME)";
				SWIFT_EMIT_LOC_STRINGS = NO;
				SWIFT_STRICT_CONCURRENCY = complete;
				SWIFT_VERSION = 5.0;
				TARGETED_DEVICE_FAMILY = 1;
				TEST_HOST = "$(BUILT_PRODUCTS_DIR)/ShowUpWelcome.app/$(BUNDLE_EXECUTABLE_FOLDER_PATH)/ShowUpWelcome";
			};
			name = Debug;
		};
		FEED0000000000000000006C /* Release */ = {
			isa = XCBuildConfiguration;
			buildSettings = {
				BUNDLE_LOADER = "$(TEST_HOST)";
				CODE_SIGN_STYLE = Automatic;
				CURRENT_PROJECT_VERSION = 1;
				GENERATE_INFOPLIST_FILE = YES;
				MARKETING_VERSION = 0.1;
				PRODUCT_BUNDLE_IDENTIFIER = org.loveiq.showup.welcomepreview.tests;
				PRODUCT_NAME = "$(TARGET_NAME)";
				SWIFT_EMIT_LOC_STRINGS = NO;
				SWIFT_STRICT_CONCURRENCY = complete;
				SWIFT_VERSION = 5.0;
				TARGETED_DEVICE_FAMILY = 1;
				TEST_HOST = "$(BUILT_PRODUCTS_DIR)/ShowUpWelcome.app/$(BUNDLE_EXECUTABLE_FOLDER_PATH)/ShowUpWelcome";
			};
			name = Release;
		};
/* End XCBuildConfiguration section */

/* Begin XCConfigurationList section */
		FEED0000000000000000000E /* Build configuration list for PBXProject "ShowUpWelcome" */ = {
			isa = XCConfigurationList;
			buildConfigurations = (
				FEED00000000000000000010 /* Debug */,
				FEED00000000000000000011 /* Release */,
			);
			defaultConfigurationIsVisible = 0;
			defaultConfigurationName = Release;
		};
		FEED0000000000000000000F /* Build configuration list for PBXNativeTarget "ShowUpWelcome" */ = {
			isa = XCConfigurationList;
			buildConfigurations = (
				FEED00000000000000000012 /* Debug */,
				FEED00000000000000000013 /* Release */,
			);
			defaultConfigurationIsVisible = 0;
			defaultConfigurationName = Release;
		};
		FEED0000000000000000006A /* Build configuration list for PBXNativeTarget "ShowUpWelcomeTests" */ = {
			isa = XCConfigurationList;
			buildConfigurations = (
				FEED0000000000000000006B /* Debug */,
				FEED0000000000000000006C /* Release */,
			);
			defaultConfigurationIsVisible = 0;
			defaultConfigurationName = Release;
		};
/* End XCConfigurationList section */

/* Begin XCRemoteSwiftPackageReference section */
		FEED0000000000000000006F /* XCRemoteSwiftPackageReference "PhoneNumberKit" */ = {
			isa = XCRemoteSwiftPackageReference;
			repositoryURL = "https://github.com/PhoneNumberKit/PhoneNumberKit.git";
			requirement = {
				kind = upToNextMajorVersion;
				minimumVersion = 5.0.8;
			};
		};
		FEED00000000000000000079 /* XCRemoteSwiftPackageReference "sentry-cocoa" */ = {
			isa = XCRemoteSwiftPackageReference;
			repositoryURL = "https://github.com/getsentry/sentry-cocoa.git";
			requirement = {
				kind = upToNextMajorVersion;
				minimumVersion = 8.44.0;
			};
		};
		FEED0000000000000000007E /* XCRemoteSwiftPackageReference "swift-openapi-runtime" */ = {
			isa = XCRemoteSwiftPackageReference;
			repositoryURL = "https://github.com/apple/swift-openapi-runtime";
			requirement = {
				kind = upToNextMajorVersion;
				minimumVersion = 1.5.0;
			};
		};
		FEED00000000000000000081 /* XCRemoteSwiftPackageReference "swift-openapi-urlsession" */ = {
			isa = XCRemoteSwiftPackageReference;
			repositoryURL = "https://github.com/apple/swift-openapi-urlsession";
			requirement = {
				kind = upToNextMajorVersion;
				minimumVersion = 1.0.2;
			};
		};
		FEED00000000000000000084 /* XCRemoteSwiftPackageReference "swift-http-types" */ = {
			isa = XCRemoteSwiftPackageReference;
			repositoryURL = "https://github.com/apple/swift-http-types";
			requirement = {
				kind = upToNextMajorVersion;
				minimumVersion = 1.3.0;
			};
		};
/* End XCRemoteSwiftPackageReference section */

/* Begin XCLocalSwiftPackageReference section */
		FEED00000000000000000074 /* XCLocalSwiftPackageReference "ShowUpAPI" */ = {
			isa = XCLocalSwiftPackageReference;
			relativePath = ShowUpAPI;
		};
/* End XCLocalSwiftPackageReference section */

/* Begin XCSwiftPackageProductDependency section */
		FEED00000000000000000070 /* PhoneNumberKit */ = {
			isa = XCSwiftPackageProductDependency;
			package = FEED0000000000000000006F /* XCRemoteSwiftPackageReference "PhoneNumberKit" */;
			productName = PhoneNumberKit;
		};
		FEED00000000000000000075 /* ShowUpAPI */ = {
			isa = XCSwiftPackageProductDependency;
			productName = ShowUpAPI;
		};
		FEED0000000000000000007A /* Sentry */ = {
			isa = XCSwiftPackageProductDependency;
			package = FEED00000000000000000079 /* XCRemoteSwiftPackageReference "sentry-cocoa" */;
			productName = Sentry;
		};
		FEED0000000000000000007F /* OpenAPIRuntime */ = {
			isa = XCSwiftPackageProductDependency;
			package = FEED0000000000000000007E /* XCRemoteSwiftPackageReference "swift-openapi-runtime" */;
			productName = OpenAPIRuntime;
		};
		FEED00000000000000000082 /* OpenAPIURLSession */ = {
			isa = XCSwiftPackageProductDependency;
			package = FEED00000000000000000081 /* XCRemoteSwiftPackageReference "swift-openapi-urlsession" */;
			productName = OpenAPIURLSession;
		};
		FEED00000000000000000085 /* HTTPTypes */ = {
			isa = XCSwiftPackageProductDependency;
			package = FEED00000000000000000084 /* XCRemoteSwiftPackageReference "swift-http-types" */;
			productName = HTTPTypes;
		};
		FEED00000000000000000072 /* PhoneNumberKit */ = {
			isa = XCSwiftPackageProductDependency;
			package = FEED0000000000000000006F /* XCRemoteSwiftPackageReference "PhoneNumberKit" */;
			productName = PhoneNumberKit;
		};
		FEED00000000000000000077 /* ShowUpAPI */ = {
			isa = XCSwiftPackageProductDependency;
			productName = ShowUpAPI;
		};
		FEED0000000000000000007C /* Sentry */ = {
			isa = XCSwiftPackageProductDependency;
			package = FEED00000000000000000079 /* XCRemoteSwiftPackageReference "sentry-cocoa" */;
			productName = Sentry;
		};
		FEED00000000000000000087 /* OpenAPIRuntime */ = {
			isa = XCSwiftPackageProductDependency;
			package = FEED0000000000000000007E /* XCRemoteSwiftPackageReference "swift-openapi-runtime" */;
			productName = OpenAPIRuntime;
		};
		FEED00000000000000000089 /* OpenAPIURLSession */ = {
			isa = XCSwiftPackageProductDependency;
			package = FEED00000000000000000081 /* XCRemoteSwiftPackageReference "swift-openapi-urlsession" */;
			productName = OpenAPIURLSession;
		};
		FEED0000000000000000008B /* HTTPTypes */ = {
			isa = XCSwiftPackageProductDependency;
			package = FEED00000000000000000084 /* XCRemoteSwiftPackageReference "swift-http-types" */;
			productName = HTTPTypes;
		};
/* End XCSwiftPackageProductDependency section */
	};
	rootObject = FEED00000000000000000001 /* Project object */;
}
