// !$*UTF8*$!
{
	archiveVersion = 1;
	classes = {
	};
	objectVersion = 56;
	objects = {

/* Begin PBXBuildFile section */
		FEED0000000000000000001A /* ShowUpWelcomeApp.swift in Sources */ = {isa = PBXBuildFile; fileRef = FEED00000000000000000014 /* ShowUpWelcomeApp.swift */; };
		FEED0000000000000000001B /* DesignSystem.swift in Sources */ = {isa = PBXBuildFile; fileRef = FEED00000000000000000015 /* DesignSystem.swift */; };
		FEED0000000000000000001C /* TutorialAnalytics.swift in Sources */ = {isa = PBXBuildFile; fileRef = FEED00000000000000000016 /* TutorialAnalytics.swift */; };
		FEED0000000000000000001D /* TutorialShell.swift in Sources */ = {isa = PBXBuildFile; fileRef = FEED00000000000000000017 /* TutorialShell.swift */; };
		FEED0000000000000000001E /* WelcomeView.swift in Sources */ = {isa = PBXBuildFile; fileRef = FEED00000000000000000018 /* WelcomeView.swift */; };
		FEED0000000000000000001F /* MeetInRealLifeView.swift in Sources */ = {isa = PBXBuildFile; fileRef = FEED00000000000000000019 /* MeetInRealLifeView.swift */; };
		FEED00000000000000000013 /* Assets.xcassets in Resources */ = {isa = PBXBuildFile; fileRef = FEED00000000000000000009 /* Assets.xcassets */; };
		FEED00000000000000000027 /* Lora-Regular.ttf in Resources */ = {isa = PBXBuildFile; fileRef = FEED00000000000000000020 /* Lora-Regular.ttf */; };
		FEED00000000000000000028 /* Lora-Bold.ttf in Resources */ = {isa = PBXBuildFile; fileRef = FEED00000000000000000021 /* Lora-Bold.ttf */; };
		FEED00000000000000000029 /* Lora-Italic.ttf in Resources */ = {isa = PBXBuildFile; fileRef = FEED00000000000000000022 /* Lora-Italic.ttf */; };
		FEED0000000000000000002A /* Lora-BoldItalic.ttf in Resources */ = {isa = PBXBuildFile; fileRef = FEED00000000000000000023 /* Lora-BoldItalic.ttf */; };
		FEED0000000000000000002B /* Manrope-Medium.ttf in Resources */ = {isa = PBXBuildFile; fileRef = FEED00000000000000000024 /* Manrope-Medium.ttf */; };
		FEED0000000000000000002C /* Manrope-SemiBold.ttf in Resources */ = {isa = PBXBuildFile; fileRef = FEED00000000000000000025 /* Manrope-SemiBold.ttf */; };
		FEED0000000000000000002D /* Manrope-Bold.ttf in Resources */ = {isa = PBXBuildFile; fileRef = FEED00000000000000000026 /* Manrope-Bold.ttf */; };
/* End PBXBuildFile section */

/* Begin PBXFileReference section */
		FEED00000000000000000007 /* ShowUpWelcome.app */ = {isa = PBXFileReference; explicitFileType = wrapper.application; includeInIndex = 0; path = ShowUpWelcome.app; sourceTree = BUILT_PRODUCTS_DIR; };
		FEED00000000000000000014 /* ShowUpWelcomeApp.swift */ = {isa = PBXFileReference; lastKnownFileType = sourcecode.swift; path = ShowUpWelcomeApp.swift; sourceTree = "<group>"; };
		FEED00000000000000000015 /* DesignSystem.swift */ = {isa = PBXFileReference; lastKnownFileType = sourcecode.swift; path = DesignSystem.swift; sourceTree = "<group>"; };
		FEED00000000000000000016 /* TutorialAnalytics.swift */ = {isa = PBXFileReference; lastKnownFileType = sourcecode.swift; path = TutorialAnalytics.swift; sourceTree = "<group>"; };
		FEED00000000000000000017 /* TutorialShell.swift */ = {isa = PBXFileReference; lastKnownFileType = sourcecode.swift; path = TutorialShell.swift; sourceTree = "<group>"; };
		FEED00000000000000000018 /* WelcomeView.swift */ = {isa = PBXFileReference; lastKnownFileType = sourcecode.swift; path = WelcomeView.swift; sourceTree = "<group>"; };
		FEED00000000000000000019 /* MeetInRealLifeView.swift */ = {isa = PBXFileReference; lastKnownFileType = sourcecode.swift; path = MeetInRealLifeView.swift; sourceTree = "<group>"; };
		FEED00000000000000000008 /* Info.plist */ = {isa = PBXFileReference; lastKnownFileType = text.plist.xml; path = Info.plist; sourceTree = "<group>"; };
		FEED00000000000000000009 /* Assets.xcassets */ = {isa = PBXFileReference; lastKnownFileType = folder.assetcatalog; path = Assets.xcassets; sourceTree = "<group>"; };
		FEED00000000000000000020 /* Lora-Regular.ttf */ = {isa = PBXFileReference; lastKnownFileType = file; path = Lora-Regular.ttf; sourceTree = "<group>"; };
		FEED00000000000000000021 /* Lora-Bold.ttf */ = {isa = PBXFileReference; lastKnownFileType = file; path = Lora-Bold.ttf; sourceTree = "<group>"; };
		FEED00000000000000000022 /* Lora-Italic.ttf */ = {isa = PBXFileReference; lastKnownFileType = file; path = Lora-Italic.ttf; sourceTree = "<group>"; };
		FEED00000000000000000023 /* Lora-BoldItalic.ttf */ = {isa = PBXFileReference; lastKnownFileType = file; path = Lora-BoldItalic.ttf; sourceTree = "<group>"; };
		FEED00000000000000000024 /* Manrope-Medium.ttf */ = {isa = PBXFileReference; lastKnownFileType = file; path = Manrope-Medium.ttf; sourceTree = "<group>"; };
		FEED00000000000000000025 /* Manrope-SemiBold.ttf */ = {isa = PBXFileReference; lastKnownFileType = file; path = Manrope-SemiBold.ttf; sourceTree = "<group>"; };
		FEED00000000000000000026 /* Manrope-Bold.ttf */ = {isa = PBXFileReference; lastKnownFileType = file; path = Manrope-Bold.ttf; sourceTree = "<group>"; };
/* End PBXFileReference section */

/* Begin PBXFrameworksBuildPhase section */
		FEED0000000000000000000B /* Frameworks */ = {
			isa = PBXFrameworksBuildPhase;
			buildActionMask = 2147483647;
			files = (
			);
			runOnlyForDeploymentPostprocessing = 0;
		};
/* End PBXFrameworksBuildPhase section */

/* Begin PBXGroup section */
		FEED00000000000000000003 = {
			isa = PBXGroup;
			children = (
				FEED00000000000000000004 /* ShowUpWelcome */,
				FEED00000000000000000006 /* Products */,
			);
			sourceTree = "<group>";
		};
		FEED00000000000000000004 /* ShowUpWelcome */ = {
			isa = PBXGroup;
			children = (
				FEED00000000000000000014 /* ShowUpWelcomeApp.swift */,
				FEED00000000000000000015 /* DesignSystem.swift */,
				FEED00000000000000000016 /* TutorialAnalytics.swift */,
				FEED00000000000000000017 /* TutorialShell.swift */,
				FEED00000000000000000018 /* WelcomeView.swift */,
				FEED00000000000000000019 /* MeetInRealLifeView.swift */,
				FEED00000000000000000009 /* Assets.xcassets */,
				FEED00000000000000000005 /* Fonts */,
				FEED00000000000000000008 /* Info.plist */,
			);
			path = ShowUpWelcome;
			sourceTree = "<group>";
		};
		FEED00000000000000000005 /* Fonts */ = {
			isa = PBXGroup;
			children = (
				FEED00000000000000000020 /* Lora-Regular.ttf */,
				FEED00000000000000000021 /* Lora-Bold.ttf */,
				FEED00000000000000000022 /* Lora-Italic.ttf */,
				FEED00000000000000000023 /* Lora-BoldItalic.ttf */,
				FEED00000000000000000024 /* Manrope-Medium.ttf */,
				FEED00000000000000000025 /* Manrope-SemiBold.ttf */,
				FEED00000000000000000026 /* Manrope-Bold.ttf */,
			);
			path = Fonts;
			sourceTree = "<group>";
		};
		FEED00000000000000000006 /* Products */ = {
			isa = PBXGroup;
			children = (
				FEED00000000000000000007 /* ShowUpWelcome.app */,
			);
			name = Products;
			sourceTree = "<group>";
		};
/* End PBXGroup section */

/* Begin PBXNativeTarget section */
		FEED00000000000000000002 /* ShowUpWelcome */ = {
			isa = PBXNativeTarget;
			buildConfigurationList = FEED0000000000000000000E /* Build configuration list for PBXNativeTarget "ShowUpWelcome" */;
			buildPhases = (
				FEED0000000000000000000A /* Sources */,
				FEED0000000000000000000B /* Frameworks */,
				FEED0000000000000000000C /* Resources */,
			);
			buildRules = (
			);
			dependencies = (
			);
			name = ShowUpWelcome;
			productName = ShowUpWelcome;
			productReference = FEED00000000000000000007 /* ShowUpWelcome.app */;
			productType = "com.apple.product-type.application";
		};
/* End PBXNativeTarget section */

/* Begin PBXProject section */
		FEED00000000000000000001 /* Project object */ = {
			isa = PBXProject;
			attributes = {
				BuildIndependentTargetsInParallel = 1;
				LastSwiftUpdateCheck = 1500;
				LastUpgradeCheck = 1500;
				TargetAttributes = {
					FEED00000000000000000002 = {
						CreatedOnToolsVersion = 15.0;
					};
				};
			};
			buildConfigurationList = FEED0000000000000000000D /* Build configuration list for PBXProject "ShowUpWelcome" */;
			compatibilityVersion = "Xcode 14.0";
			developmentRegion = en;
			hasScannedForEncodings = 0;
			knownRegions = (
				en,
				Base,
			);
			mainGroup = FEED00000000000000000003;
			productRefGroup = FEED00000000000000000006 /* Products */;
			projectDirPath = "";
			projectRoot = "";
			targets = (
				FEED00000000000000000002 /* ShowUpWelcome */,
			);
		};
/* End PBXProject section */

/* Begin PBXResourcesBuildPhase section */
		FEED0000000000000000000C /* Resources */ = {
			isa = PBXResourcesBuildPhase;
			buildActionMask = 2147483647;
			files = (
				FEED00000000000000000013 /* Assets.xcassets in Resources */,
				FEED00000000000000000027 /* Lora-Regular.ttf in Resources */,
				FEED00000000000000000028 /* Lora-Bold.ttf in Resources */,
				FEED00000000000000000029 /* Lora-Italic.ttf in Resources */,
				FEED0000000000000000002A /* Lora-BoldItalic.ttf in Resources */,
				FEED0000000000000000002B /* Manrope-Medium.ttf in Resources */,
				FEED0000000000000000002C /* Manrope-SemiBold.ttf in Resources */,
				FEED0000000000000000002D /* Manrope-Bold.ttf in Resources */,
			);
			runOnlyForDeploymentPostprocessing = 0;
		};
/* End PBXResourcesBuildPhase section */

/* Begin PBXSourcesBuildPhase section */
		FEED0000000000000000000A /* Sources */ = {
			isa = PBXSourcesBuildPhase;
			buildActionMask = 2147483647;
			files = (
				FEED0000000000000000001A /* ShowUpWelcomeApp.swift in Sources */,
				FEED0000000000000000001B /* DesignSystem.swift in Sources */,
				FEED0000000000000000001C /* TutorialAnalytics.swift in Sources */,
				FEED0000000000000000001D /* TutorialShell.swift in Sources */,
				FEED0000000000000000001E /* WelcomeView.swift in Sources */,
				FEED0000000000000000001F /* MeetInRealLifeView.swift in Sources */,
			);
			runOnlyForDeploymentPostprocessing = 0;
		};
/* End PBXSourcesBuildPhase section */

/* Begin XCBuildConfiguration section */
		FEED0000000000000000000F /* Debug */ = {
			isa = XCBuildConfiguration;
			buildSettings = {
				ALWAYS_SEARCH_USER_PATHS = NO;
				CLANG_ANALYZER_NONNULL = YES;
				CLANG_ENABLE_MODULES = YES;
				CLANG_ENABLE_OBJC_ARC = YES;
				CLANG_WARN_BOOL_CONVERSION = YES;
				CLANG_WARN_DOCUMENTATION_COMMENTS = YES;
				CLANG_WARN_EMPTY_BODY = YES;
				CLANG_WARN_UNREACHABLE_CODE = YES;
				COPY_PHASE_STRIP = NO;
				ENABLE_STRICT_OBJC_MSGSEND = YES;
				GCC_C_LANGUAGE_STANDARD = gnu17;
				GCC_NO_COMMON_BLOCKS = YES;
				GCC_WARN_UNUSED_VARIABLE = YES;
				IPHONEOS_DEPLOYMENT_TARGET = 16.0;
				SDKROOT = iphoneos;
				DEBUG_INFORMATION_FORMAT = dwarf;
				ENABLE_TESTABILITY = YES;
				GCC_OPTIMIZATION_LEVEL = 0;
				MTL_ENABLE_DEBUG_INFO = INCLUDE_SOURCE;
				ONLY_ACTIVE_ARCH = YES;
				SWIFT_ACTIVE_COMPILATION_CONDITIONS = "DEBUG $(inherited)";
				SWIFT_OPTIMIZATION_LEVEL = "-Onone";
			};
			name = Debug;
		};
		FEED00000000000000000010 /* Release */ = {
			isa = XCBuildConfiguration;
			buildSettings = {
				ALWAYS_SEARCH_USER_PATHS = NO;
				CLANG_ANALYZER_NONNULL = YES;
				CLANG_ENABLE_MODULES = YES;
				CLANG_ENABLE_OBJC_ARC = YES;
				CLANG_WARN_BOOL_CONVERSION = YES;
				CLANG_WARN_DOCUMENTATION_COMMENTS = YES;
				CLANG_WARN_EMPTY_BODY = YES;
				CLANG_WARN_UNREACHABLE_CODE = YES;
				COPY_PHASE_STRIP = NO;
				ENABLE_STRICT_OBJC_MSGSEND = YES;
				GCC_C_LANGUAGE_STANDARD = gnu17;
				GCC_NO_COMMON_BLOCKS = YES;
				GCC_WARN_UNUSED_VARIABLE = YES;
				IPHONEOS_DEPLOYMENT_TARGET = 16.0;
				SDKROOT = iphoneos;
				DEBUG_INFORMATION_FORMAT = "dwarf-with-dsym";
				ENABLE_NS_ASSERTIONS = NO;
				MTL_ENABLE_DEBUG_INFO = NO;
				SWIFT_COMPILATION_MODE = wholemodule;
				VALIDATE_PRODUCT = YES;
			};
			name = Release;
		};
		FEED00000000000000000011 /* Debug */ = {
			isa = XCBuildConfiguration;
			buildSettings = {
				ASSETCATALOG_COMPILER_APPICON_NAME = AppIcon;
				ASSETCATALOG_COMPILER_GLOBAL_ACCENT_COLOR_NAME = AccentColor;
				CODE_SIGN_STYLE = Automatic;
				CURRENT_PROJECT_VERSION = 1;
				ENABLE_PREVIEWS = YES;
				GENERATE_INFOPLIST_FILE = NO;
				INFOPLIST_FILE = ShowUpWelcome/Info.plist;
				LD_RUNPATH_SEARCH_PATHS = (
					"$(inherited)",
					"@executable_path/Frameworks",
				);
				MARKETING_VERSION = 0.1;
				PRODUCT_BUNDLE_IDENTIFIER = org.loveiq.showup.welcomepreview;
				PRODUCT_NAME = "$(TARGET_NAME)";
				SWIFT_EMIT_LOC_STRINGS = YES;
				SWIFT_VERSION = 5.0;
				TARGETED_DEVICE_FAMILY = 1;
			};
			name = Debug;
		};
		FEED00000000000000000012 /* Release */ = {
			isa = XCBuildConfiguration;
			buildSettings = {
				ASSETCATALOG_COMPILER_APPICON_NAME = AppIcon;
				ASSETCATALOG_COMPILER_GLOBAL_ACCENT_COLOR_NAME = AccentColor;
				CODE_SIGN_STYLE = Automatic;
				CURRENT_PROJECT_VERSION = 1;
				ENABLE_PREVIEWS = YES;
				GENERATE_INFOPLIST_FILE = NO;
				INFOPLIST_FILE = ShowUpWelcome/Info.plist;
				LD_RUNPATH_SEARCH_PATHS = (
					"$(inherited)",
					"@executable_path/Frameworks",
				);
				MARKETING_VERSION = 0.1;
				PRODUCT_BUNDLE_IDENTIFIER = org.loveiq.showup.welcomepreview;
				PRODUCT_NAME = "$(TARGET_NAME)";
				SWIFT_EMIT_LOC_STRINGS = YES;
				SWIFT_VERSION = 5.0;
				TARGETED_DEVICE_FAMILY = 1;
			};
			name = Release;
		};
/* End XCBuildConfiguration section */

/* Begin XCConfigurationList section */
		FEED0000000000000000000D /* Build configuration list for PBXProject "ShowUpWelcome" */ = {
			isa = XCConfigurationList;
			buildConfigurations = (
				FEED0000000000000000000F /* Debug */,
				FEED00000000000000000010 /* Release */,
			);
			defaultConfigurationIsVisible = 0;
			defaultConfigurationName = Release;
		};
		FEED0000000000000000000E /* Build configuration list for PBXNativeTarget "ShowUpWelcome" */ = {
			isa = XCConfigurationList;
			buildConfigurations = (
				FEED00000000000000000011 /* Debug */,
				FEED00000000000000000012 /* Release */,
			);
			defaultConfigurationIsVisible = 0;
			defaultConfigurationName = Release;
		};
/* End XCConfigurationList section */
	};
	rootObject = FEED00000000000000000001 /* Project object */;
}
